
Microsoft Visual Studio Solution File, Format Version 12.00
# Visual Studio Version 16
VisualStudioVersion = 16.0.31829.152
MinimumVisualStudioVersion = 10.0.40219.1
Project("{9A19103F-16F7-4668-BE54-9A1E7A4F7556}") = "VirtualTreeColumnViewApp", "VirtualTreeColumnViewApp.csproj", "{8EFF97DA-A8C4-46DF-93C0-16320E53E2C0}"
EndProject
Project("{9A19103F-16F7-4668-BE54-9A1E7A4F7556}") = "Krypton.Toolkit 2019", "..\..\..\..\..\Standard-Toolkit\Source\Krypton Components\Krypton.Toolkit\Krypton.Toolkit 2019.csproj", "{60FDEB46-6AB8-42B5-B676-FC5489117E81}"
EndProject
Project("{9A19103F-16F7-4668-BE54-9A1E7A4F7556}") = "Krypton.Toolkit.Suite.Extended.VirtualTreeColumnView", "..\..\Krypton.Toolkit.Suite.Extended.VirtualTreeColumnView\Krypton.Toolkit.Suite.Extended.VirtualTreeColumnView.csproj", "{2848600B-7496-4221-8A8B-67CF4DB33E7B}"
EndProject
Global
	GlobalSection(SolutionConfigurationPlatforms) = preSolution
		Canary|Any CPU = Canary|Any CPU
		Debug|Any CPU = Debug|Any CPU
		Nightly|Any CPU = Nightly|Any CPU
		Release|Any CPU = Release|Any CPU
		Stable|Any CPU = Stable|Any CPU
	EndGlobalSection
	GlobalSection(ProjectConfigurationPlatforms) = postSolution
		{8EFF97DA-A8C4-46DF-93C0-16320E53E2C0}.Canary|Any CPU.ActiveCfg = Canary|Any CPU
		{8EFF97DA-A8C4-46DF-93C0-16320E53E2C0}.Canary|Any CPU.Build.0 = Canary|Any CPU
		{8EFF97DA-A8C4-46DF-93C0-16320E53E2C0}.Debug|Any CPU.ActiveCfg = Debug|Any CPU
		{8EFF97DA-A8C4-46DF-93C0-16320E53E2C0}.Debug|Any CPU.Build.0 = Debug|Any CPU
		{8EFF97DA-A8C4-46DF-93C0-16320E53E2C0}.Nightly|Any CPU.ActiveCfg = Nightly|Any CPU
		{8EFF97DA-A8C4-46DF-93C0-16320E53E2C0}.Nightly|Any CPU.Build.0 = Nightly|Any CPU
		{8EFF97DA-A8C4-46DF-93C0-16320E53E2C0}.Release|Any CPU.ActiveCfg = Release|Any CPU
		{8EFF97DA-A8C4-46DF-93C0-16320E53E2C0}.Release|Any CPU.Build.0 = Release|Any CPU
		{8EFF97DA-A8C4-46DF-93C0-16320E53E2C0}.Stable|Any CPU.ActiveCfg = Stable|Any CPU
		{8EFF97DA-A8C4-46DF-93C0-16320E53E2C0}.Stable|Any CPU.Build.0 = Stable|Any CPU
		{60FDEB46-6AB8-42B5-B676-FC5489117E81}.Canary|Any CPU.ActiveCfg = Debug|Any CPU
		{60FDEB46-6AB8-42B5-B676-FC5489117E81}.Canary|Any CPU.Build.0 = Debug|Any CPU
		{60FDEB46-6AB8-42B5-B676-FC5489117E81}.Debug|Any CPU.ActiveCfg = Debug|Any CPU
		{60FDEB46-6AB8-42B5-B676-FC5489117E81}.Debug|Any CPU.Build.0 = Debug|Any CPU
		{60FDEB46-6AB8-42B5-B676-FC5489117E81}.Nightly|Any CPU.ActiveCfg = Debug|Any CPU
		{60FDEB46-6AB8-42B5-B676-FC5489117E81}.Nightly|Any CPU.Build.0 = Debug|Any CPU
		{60FDEB46-6AB8-42B5-B676-FC5489117E81}.Release|Any CPU.ActiveCfg = Release|Any CPU
		{60FDEB46-6AB8-42B5-B676-FC5489117E81}.Release|Any CPU.Build.0 = Release|Any CPU
		{60FDEB46-6AB8-42B5-B676-FC5489117E81}.Stable|Any CPU.ActiveCfg = Debug|Any CPU
		{60FDEB46-6AB8-42B5-B676-FC5489117E81}.Stable|Any CPU.Build.0 = Debug|Any CPU
		{2848600B-7496-4221-8A8B-67CF4DB33E7B}.Canary|Any CPU.ActiveCfg = Canary|Any CPU
		{2848600B-7496-4221-8A8B-67CF4DB33E7B}.Canary|Any CPU.Build.0 = Canary|Any CPU
		{2848600B-7496-4221-8A8B-67CF4DB33E7B}.Debug|Any CPU.ActiveCfg = Debug|Any CPU
		{2848600B-7496-4221-8A8B-67CF4DB33E7B}.Debug|Any CPU.Build.0 = Debug|Any CPU
		{2848600B-7496-4221-8A8B-67CF4DB33E7B}.Nightly|Any CPU.ActiveCfg = Nightly|Any CPU
		{2848600B-7496-4221-8A8B-67CF4DB33E7B}.Nightly|Any CPU.Build.0 = Nightly|Any CPU
		{2848600B-7496-4221-8A8B-67CF4DB33E7B}.Release|Any CPU.ActiveCfg = Release|Any CPU
		{2848600B-7496-4221-8A8B-67CF4DB33E7B}.Release|Any CPU.Build.0 = Release|Any CPU
		{2848600B-7496-4221-8A8B-67CF4DB33E7B}.Stable|Any CPU.ActiveCfg = Stable|Any CPU
		{2848600B-7496-4221-8A8B-67CF4DB33E7B}.Stable|Any CPU.Build.0 = Stable|Any CPU
	EndGlobalSection
	GlobalSection(SolutionProperties) = preSolution
		HideSolutionNode = FALSE
	EndGlobalSection
	GlobalSection(ExtensibilityGlobals) = postSolution
		SolutionGuid = {37851246-C329-45DE-B9E2-153A68C84A16}
	EndGlobalSection
EndGlobal
