
Microsoft Visual Studio Solution File, Format Version 12.00
# Visual Studio Version 16
VisualStudioVersion = 16.0.29721.120
MinimumVisualStudioVersion = 10.0.40219.1
Project("{2150E333-8FDC-42A3-9474-1A3956D46DE8}") = "Shared", "Shared", "{0FC2D6C3-9CA1-46CF-8E37-4B900B07184D}"
EndProject
Project("{9A19103F-16F7-4668-BE54-9A1E7A4F7556}") = "Toolkit Core", "Shared\Toolkit Core\Toolkit Core.csproj", "{9E5B6FE5-89B9-4483-942F-7332E9BC4599}"
EndProject
Project("{2150E333-8FDC-42A3-9474-1A3956D46DE8}") = "Solution Items", "Solution Items", "{35C5D580-4B81-4E33-AB75-BD5D316A2ABC}"
	ProjectSection(SolutionItems) = preProject
		..\..\Directory.Build.props = ..\..\Directory.Build.props
	EndProjectSection
EndProject
Project("{9A19103F-16F7-4668-BE54-9A1E7A4F7556}") = "Common", "Shared\Common\Common.csproj", "{5E8758D3-BE51-474E-9CED-4E55EE1297DF}"
EndProject
Project("{9A19103F-16F7-4668-BE54-9A1E7A4F7556}") = "Utilities", "Shared\Utilities\Utilities.csproj", "{836264C1-A8B4-46C1-8F84-BC5184DFA9F3}"
EndProject
Project("{9A19103F-16F7-4668-BE54-9A1E7A4F7556}") = "Palette Controller", "Shared\Palette Controller\Palette Controller.csproj", "{66F05327-F52E-42CF-979B-D6E6AAB669AB}"
EndProject
Project("{9A19103F-16F7-4668-BE54-9A1E7A4F7556}") = "Persistence", "Shared\Persistence\Persistence.csproj", "{9D11E3E9-88A6-46E0-8C3F-000E40330112}"
EndProject
Project("{9A19103F-16F7-4668-BE54-9A1E7A4F7556}") = "Toolkit Control Settings", "Shared\Toolkit Control Settings\Toolkit Control Settings.csproj", "{15E9CBE0-AFBF-4284-99C7-B07490C27E41}"
EndProject
Project("{9A19103F-16F7-4668-BE54-9A1E7A4F7556}") = "Toolkit Language Model", "Shared\Toolkit Language Model\Toolkit Language Model.csproj", "{F1539347-EB0B-4631-B924-75E086896BB6}"
EndProject
Project("{9A19103F-16F7-4668-BE54-9A1E7A4F7556}") = "Toolkit Resources", "Shared\Toolkit Resources\Toolkit Resources.csproj", "{D09C0FBA-B998-4A59-B648-FC6977C8D9DF}"
EndProject
Project("{9A19103F-16F7-4668-BE54-9A1E7A4F7556}") = "Toolkit Settings", "Shared\Toolkit Settings\Toolkit Settings.csproj", "{88BB4175-9CB6-4B94-AC2F-EF9EB201B5A3}"
EndProject
Project("{2150E333-8FDC-42A3-9474-1A3956D46DE8}") = "Libraries", "Libraries", "{1F1DCECC-C25F-4E91-9C8A-ECCBB9827BBA}"
EndProject
Project("{9A19103F-16F7-4668-BE54-9A1E7A4F7556}") = "Krypton Toolkit Suite Extended Base", "Libraries\Krypton Toolkit Suite Extended Base\Krypton Toolkit Suite Extended Base.csproj", "{C1C4DE3D-5A1B-4436-9217-071B9A946696}"
	ProjectSection(ProjectDependencies) = postProject
		{D09C0FBA-B998-4A59-B648-FC6977C8D9DF} = {D09C0FBA-B998-4A59-B648-FC6977C8D9DF}
	EndProjectSection
EndProject
Global
	GlobalSection(SolutionConfigurationPlatforms) = preSolution
		Debug|Any CPU = Debug|Any CPU
		Release|Any CPU = Release|Any CPU
	EndGlobalSection
	GlobalSection(ProjectConfigurationPlatforms) = postSolution
		{9E5B6FE5-89B9-4483-942F-7332E9BC4599}.Debug|Any CPU.ActiveCfg = Debug|Any CPU
		{9E5B6FE5-89B9-4483-942F-7332E9BC4599}.Debug|Any CPU.Build.0 = Debug|Any CPU
		{9E5B6FE5-89B9-4483-942F-7332E9BC4599}.Release|Any CPU.ActiveCfg = Release|Any CPU
		{9E5B6FE5-89B9-4483-942F-7332E9BC4599}.Release|Any CPU.Build.0 = Release|Any CPU
		{5E8758D3-BE51-474E-9CED-4E55EE1297DF}.Debug|Any CPU.ActiveCfg = Debug|Any CPU
		{5E8758D3-BE51-474E-9CED-4E55EE1297DF}.Debug|Any CPU.Build.0 = Debug|Any CPU
		{5E8758D3-BE51-474E-9CED-4E55EE1297DF}.Release|Any CPU.ActiveCfg = Release|Any CPU
		{5E8758D3-BE51-474E-9CED-4E55EE1297DF}.Release|Any CPU.Build.0 = Release|Any CPU
		{836264C1-A8B4-46C1-8F84-BC5184DFA9F3}.Debug|Any CPU.ActiveCfg = Debug|Any CPU
		{836264C1-A8B4-46C1-8F84-BC5184DFA9F3}.Debug|Any CPU.Build.0 = Debug|Any CPU
		{836264C1-A8B4-46C1-8F84-BC5184DFA9F3}.Release|Any CPU.ActiveCfg = Release|Any CPU
		{836264C1-A8B4-46C1-8F84-BC5184DFA9F3}.Release|Any CPU.Build.0 = Release|Any CPU
		{66F05327-F52E-42CF-979B-D6E6AAB669AB}.Debug|Any CPU.ActiveCfg = Debug|Any CPU
		{66F05327-F52E-42CF-979B-D6E6AAB669AB}.Debug|Any CPU.Build.0 = Debug|Any CPU
		{66F05327-F52E-42CF-979B-D6E6AAB669AB}.Release|Any CPU.ActiveCfg = Release|Any CPU
		{66F05327-F52E-42CF-979B-D6E6AAB669AB}.Release|Any CPU.Build.0 = Release|Any CPU
		{9D11E3E9-88A6-46E0-8C3F-000E40330112}.Debug|Any CPU.ActiveCfg = Debug|Any CPU
		{9D11E3E9-88A6-46E0-8C3F-000E40330112}.Debug|Any CPU.Build.0 = Debug|Any CPU
		{9D11E3E9-88A6-46E0-8C3F-000E40330112}.Release|Any CPU.ActiveCfg = Release|Any CPU
		{9D11E3E9-88A6-46E0-8C3F-000E40330112}.Release|Any CPU.Build.0 = Release|Any CPU
		{15E9CBE0-AFBF-4284-99C7-B07490C27E41}.Debug|Any CPU.ActiveCfg = Debug|Any CPU
		{15E9CBE0-AFBF-4284-99C7-B07490C27E41}.Debug|Any CPU.Build.0 = Debug|Any CPU
		{15E9CBE0-AFBF-4284-99C7-B07490C27E41}.Release|Any CPU.ActiveCfg = Release|Any CPU
		{15E9CBE0-AFBF-4284-99C7-B07490C27E41}.Release|Any CPU.Build.0 = Release|Any CPU
		{F1539347-EB0B-4631-B924-75E086896BB6}.Debug|Any CPU.ActiveCfg = Debug|Any CPU
		{F1539347-EB0B-4631-B924-75E086896BB6}.Debug|Any CPU.Build.0 = Debug|Any CPU
		{F1539347-EB0B-4631-B924-75E086896BB6}.Release|Any CPU.ActiveCfg = Release|Any CPU
		{F1539347-EB0B-4631-B924-75E086896BB6}.Release|Any CPU.Build.0 = Release|Any CPU
		{D09C0FBA-B998-4A59-B648-FC6977C8D9DF}.Debug|Any CPU.ActiveCfg = Debug|Any CPU
		{D09C0FBA-B998-4A59-B648-FC6977C8D9DF}.Debug|Any CPU.Build.0 = Debug|Any CPU
		{D09C0FBA-B998-4A59-B648-FC6977C8D9DF}.Release|Any CPU.ActiveCfg = Release|Any CPU
		{D09C0FBA-B998-4A59-B648-FC6977C8D9DF}.Release|Any CPU.Build.0 = Release|Any CPU
		{88BB4175-9CB6-4B94-AC2F-EF9EB201B5A3}.Debug|Any CPU.ActiveCfg = Debug|Any CPU
		{88BB4175-9CB6-4B94-AC2F-EF9EB201B5A3}.Debug|Any CPU.Build.0 = Debug|Any CPU
		{88BB4175-9CB6-4B94-AC2F-EF9EB201B5A3}.Release|Any CPU.ActiveCfg = Release|Any CPU
		{88BB4175-9CB6-4B94-AC2F-EF9EB201B5A3}.Release|Any CPU.Build.0 = Release|Any CPU
		{C1C4DE3D-5A1B-4436-9217-071B9A946696}.Debug|Any CPU.ActiveCfg = Debug|Any CPU
		{C1C4DE3D-5A1B-4436-9217-071B9A946696}.Debug|Any CPU.Build.0 = Debug|Any CPU
		{C1C4DE3D-5A1B-4436-9217-071B9A946696}.Release|Any CPU.ActiveCfg = Release|Any CPU
		{C1C4DE3D-5A1B-4436-9217-071B9A946696}.Release|Any CPU.Build.0 = Release|Any CPU
	EndGlobalSection
	GlobalSection(SolutionProperties) = preSolution
		HideSolutionNode = FALSE
	EndGlobalSection
	GlobalSection(NestedProjects) = preSolution
		{9E5B6FE5-89B9-4483-942F-7332E9BC4599} = {0FC2D6C3-9CA1-46CF-8E37-4B900B07184D}
		{5E8758D3-BE51-474E-9CED-4E55EE1297DF} = {0FC2D6C3-9CA1-46CF-8E37-4B900B07184D}
		{836264C1-A8B4-46C1-8F84-BC5184DFA9F3} = {0FC2D6C3-9CA1-46CF-8E37-4B900B07184D}
		{66F05327-F52E-42CF-979B-D6E6AAB669AB} = {0FC2D6C3-9CA1-46CF-8E37-4B900B07184D}
		{9D11E3E9-88A6-46E0-8C3F-000E40330112} = {0FC2D6C3-9CA1-46CF-8E37-4B900B07184D}
		{15E9CBE0-AFBF-4284-99C7-B07490C27E41} = {0FC2D6C3-9CA1-46CF-8E37-4B900B07184D}
		{F1539347-EB0B-4631-B924-75E086896BB6} = {0FC2D6C3-9CA1-46CF-8E37-4B900B07184D}
		{D09C0FBA-B998-4A59-B648-FC6977C8D9DF} = {0FC2D6C3-9CA1-46CF-8E37-4B900B07184D}
		{88BB4175-9CB6-4B94-AC2F-EF9EB201B5A3} = {0FC2D6C3-9CA1-46CF-8E37-4B900B07184D}
		{C1C4DE3D-5A1B-4436-9217-071B9A946696} = {1F1DCECC-C25F-4E91-9C8A-ECCBB9827BBA}
	EndGlobalSection
	GlobalSection(ExtensibilityGlobals) = postSolution
		SolutionGuid = {9A189168-3746-4F9F-8C61-863D83D8ABD2}
	EndGlobalSection
EndGlobal
