
Microsoft Visual Studio Solution File, Format Version 12.00
# Visual Studio Version 17
VisualStudioVersion = 17.1.31911.260
MinimumVisualStudioVersion = 10.0.40219.1
Project("{9A19103F-16F7-4668-BE54-9A1E7A4F7556}") = "Buttons", "Buttons\Buttons.csproj", "{F55EDAE2-F7A8-4AFA-8BA9-CCADF1B0E20D}"
EndProject
Project("{9A19103F-16F7-4668-BE54-9A1E7A4F7556}") = "Calendar", "Calendar\Calendar.csproj", "{F46F6E6B-AB28-438C-B0BC-1C432E742384}"
EndProject
Project("{9A19103F-16F7-4668-BE54-9A1E7A4F7556}") = "CheckSum", "CheckSum\CheckSum.csproj", "{19F0FE8C-CE2A-406A-9359-8B49B5482FEB}"
EndProject
Project("{9A19103F-16F7-4668-BE54-9A1E7A4F7556}") = "CircularProgressBar", "CircularProgressBar\CircularProgressBar.csproj", "{31F36F7A-A81A-4483-BB29-F31ED58E32B5}"
EndProject
Project("{9A19103F-16F7-4668-BE54-9A1E7A4F7556}") = "ComboBox", "ComboBox\ComboBox.csproj", "{58211A86-9D78-4749-BBD3-4F0331C3EF3D}"
EndProject
Project("{9A19103F-16F7-4668-BE54-9A1E7A4F7556}") = "ComboBoxExtApp", "ComboBoxExtApp\ComboBoxExtApp.csproj", "{915A3A43-40D3-49DD-B58A-0D622AFB5105}"
EndProject
Project("{9A19103F-16F7-4668-BE54-9A1E7A4F7556}") = "Controls", "Controls\Controls.csproj", "{26C4C19D-F53C-4898-A722-1877E6151A97}"
EndProject
Project("{9A19103F-16F7-4668-BE54-9A1E7A4F7556}") = "DataGridViewExt", "DataGridView\DataGridViewExt.csproj", "{18EAF00A-CC46-412F-B8AE-D06C055944B8}"
EndProject
Project("{9A19103F-16F7-4668-BE54-9A1E7A4F7556}") = "DataVisualisation", "DataVisualisation\DataVisualisation.csproj", "{89B39CB2-5B83-4E47-A2D0-F55617561E3E}"
EndProject
Project("{9A19103F-16F7-4668-BE54-9A1E7A4F7556}") = "DeveloperUtilities", "DeveloperUtilities\DeveloperUtilities.csproj", "{83B6B3AD-4566-474B-A574-B3D1E1FBE781}"
EndProject
Project("{9A19103F-16F7-4668-BE54-9A1E7A4F7556}") = "Dialogs", "Dialogs\Dialogs.csproj", "{2CBCEECF-3562-4731-BB94-4D7195A40A01}"
EndProject
Project("{9A19103F-16F7-4668-BE54-9A1E7A4F7556}") = "DrawingUtilities", "DrawingUtilities\DrawingUtilities.csproj", "{17F0D6D2-0719-4548-B50A-54004A65F397}"
EndProject
Project("{9A19103F-16F7-4668-BE54-9A1E7A4F7556}") = "Effects", "Effects\Effects.csproj", "{F6C3AB36-E561-42A3-978D-6E5A8ACC863E}"
EndProject
Project("{9A19103F-16F7-4668-BE54-9A1E7A4F7556}") = "ErrorReporting", "ErrorReporting\ErrorReporting.csproj", "{B90E94D8-A8B5-4979-B0A0-326C2C8A3F3A}"
EndProject
Project("{9A19103F-16F7-4668-BE54-9A1E7A4F7556}") = "FileCopy", "FileCopy\FileCopy.csproj", "{09B56566-9237-42F0-89E2-23289B171460}"
EndProject
Project("{9A19103F-16F7-4668-BE54-9A1E7A4F7556}") = "FloatingToolbars", "FloatingToolbars\FloatingToolbars.csproj", "{DEE87FD3-058A-4097-886F-5A9B2451AD54}"
EndProject
Project("{9A19103F-16F7-4668-BE54-9A1E7A4F7556}") = "InputBox", "InputBox\InputBox.csproj", "{8D2347FB-7544-4045-8031-443D815DA85C}"
EndProject
Project("{9A19103F-16F7-4668-BE54-9A1E7A4F7556}") = "MessageBox", "MessageBox\MessageBox.csproj", "{7BD4FBB2-243A-4353-92B6-E36BFA3BE4AE}"
EndProject
Project("{9A19103F-16F7-4668-BE54-9A1E7A4F7556}") = "Navigator", "Navigator\Navigator.csproj", "{CADD10B3-18CF-4DFB-9AE1-905A43ECB789}"
EndProject
Project("{9A19103F-16F7-4668-BE54-9A1E7A4F7556}") = "Notifications", "Notifications\Notifications.csproj", "{CB9F8F15-A712-4FD7-B0D7-52A513251904}"
EndProject
Project("{9A19103F-16F7-4668-BE54-9A1E7A4F7556}") = "OutlookGrid", "OutlookGrid\OutlookGrid.csproj", "{5D11FF85-9077-42D7-A21B-B5BBED2CA5FF}"
EndProject
Project("{9A19103F-16F7-4668-BE54-9A1E7A4F7556}") = "Scrollbars", "Scrollbars\Scrollbars.csproj", "{52A1A4A3-4307-4DE5-906B-BE58DBB607EF}"
EndProject
Project("{9A19103F-16F7-4668-BE54-9A1E7A4F7556}") = "ThemeSwitcher", "ThemeSwitcher\ThemeSwitcher.csproj", "{0CDF8D9B-A11A-49B5-AB00-EF785595B2C5}"
EndProject
Project("{9A19103F-16F7-4668-BE54-9A1E7A4F7556}") = "Toast", "Toast\Toast.csproj", "{5403627C-BE3E-4143-8BD4-425E7A174DF7}"
EndProject
Project("{9A19103F-16F7-4668-BE54-9A1E7A4F7556}") = "ToolStripItems", "ToolStripItems\ToolStripItems.csproj", "{F8310E34-5CDA-47FD-B524-5D49B34877A5}"
EndProject
Project("{9A19103F-16F7-4668-BE54-9A1E7A4F7556}") = "TreeGridView", "TreeGridView\TreeGridView.csproj", "{2064444E-74C4-4E18-8D6F-D9F0D2DCCD52}"
EndProject
Project("{9A19103F-16F7-4668-BE54-9A1E7A4F7556}") = "TreeGridViewApp", "TreeGridViewApp\TreeGridViewApp.csproj", "{FBD80AF7-6B5F-40AE-9349-D3E5B6FF504D}"
EndProject
Project("{9A19103F-16F7-4668-BE54-9A1E7A4F7556}") = "VirtualTreeColumnViewApp", "VirtualTreeColumnViewApp\VirtualTreeColumnViewApp.csproj", "{ECAD0B86-1C56-4520-B6BE-174C075134A0}"
EndProject
Project("{9A19103F-16F7-4668-BE54-9A1E7A4F7556}") = "Wizard", "Wizard\Wizard.csproj", "{E65F9EBB-944C-4B37-868E-F38B47ACBC1C}"
EndProject
Project("{2150E333-8FDC-42A3-9474-1A3956D46DE8}") = "Example Projects", "Example Projects", "{533E813E-7844-45AE-9B84-65814F816E91}"
EndProject
Global
	GlobalSection(SolutionConfigurationPlatforms) = preSolution
		Canary|Any CPU = Canary|Any CPU
		Debug|Any CPU = Debug|Any CPU
		Nightly|Any CPU = Nightly|Any CPU
		Release|Any CPU = Release|Any CPU
		Stable|Any CPU = Stable|Any CPU
	EndGlobalSection
	GlobalSection(ProjectConfigurationPlatforms) = postSolution
		{F55EDAE2-F7A8-4AFA-8BA9-CCADF1B0E20D}.Canary|Any CPU.ActiveCfg = Canary|Any CPU
		{F55EDAE2-F7A8-4AFA-8BA9-CCADF1B0E20D}.Canary|Any CPU.Build.0 = Canary|Any CPU
		{F55EDAE2-F7A8-4AFA-8BA9-CCADF1B0E20D}.Debug|Any CPU.ActiveCfg = Debug|Any CPU
		{F55EDAE2-F7A8-4AFA-8BA9-CCADF1B0E20D}.Debug|Any CPU.Build.0 = Debug|Any CPU
		{F55EDAE2-F7A8-4AFA-8BA9-CCADF1B0E20D}.Nightly|Any CPU.ActiveCfg = Nightly|Any CPU
		{F55EDAE2-F7A8-4AFA-8BA9-CCADF1B0E20D}.Nightly|Any CPU.Build.0 = Nightly|Any CPU
		{F55EDAE2-F7A8-4AFA-8BA9-CCADF1B0E20D}.Release|Any CPU.ActiveCfg = Release|Any CPU
		{F55EDAE2-F7A8-4AFA-8BA9-CCADF1B0E20D}.Release|Any CPU.Build.0 = Release|Any CPU
		{F55EDAE2-F7A8-4AFA-8BA9-CCADF1B0E20D}.Stable|Any CPU.ActiveCfg = Stable|Any CPU
		{F55EDAE2-F7A8-4AFA-8BA9-CCADF1B0E20D}.Stable|Any CPU.Build.0 = Stable|Any CPU
		{F46F6E6B-AB28-438C-B0BC-1C432E742384}.Canary|Any CPU.ActiveCfg = Canary|Any CPU
		{F46F6E6B-AB28-438C-B0BC-1C432E742384}.Canary|Any CPU.Build.0 = Canary|Any CPU
		{F46F6E6B-AB28-438C-B0BC-1C432E742384}.Debug|Any CPU.ActiveCfg = Debug|Any CPU
		{F46F6E6B-AB28-438C-B0BC-1C432E742384}.Debug|Any CPU.Build.0 = Debug|Any CPU
		{F46F6E6B-AB28-438C-B0BC-1C432E742384}.Nightly|Any CPU.ActiveCfg = Nightly|Any CPU
		{F46F6E6B-AB28-438C-B0BC-1C432E742384}.Nightly|Any CPU.Build.0 = Nightly|Any CPU
		{F46F6E6B-AB28-438C-B0BC-1C432E742384}.Release|Any CPU.ActiveCfg = Release|Any CPU
		{F46F6E6B-AB28-438C-B0BC-1C432E742384}.Release|Any CPU.Build.0 = Release|Any CPU
		{F46F6E6B-AB28-438C-B0BC-1C432E742384}.Stable|Any CPU.ActiveCfg = Stable|Any CPU
		{F46F6E6B-AB28-438C-B0BC-1C432E742384}.Stable|Any CPU.Build.0 = Stable|Any CPU
		{19F0FE8C-CE2A-406A-9359-8B49B5482FEB}.Canary|Any CPU.ActiveCfg = Canary|Any CPU
		{19F0FE8C-CE2A-406A-9359-8B49B5482FEB}.Canary|Any CPU.Build.0 = Canary|Any CPU
		{19F0FE8C-CE2A-406A-9359-8B49B5482FEB}.Debug|Any CPU.ActiveCfg = Debug|Any CPU
		{19F0FE8C-CE2A-406A-9359-8B49B5482FEB}.Debug|Any CPU.Build.0 = Debug|Any CPU
		{19F0FE8C-CE2A-406A-9359-8B49B5482FEB}.Nightly|Any CPU.ActiveCfg = Nightly|Any CPU
		{19F0FE8C-CE2A-406A-9359-8B49B5482FEB}.Nightly|Any CPU.Build.0 = Nightly|Any CPU
		{19F0FE8C-CE2A-406A-9359-8B49B5482FEB}.Release|Any CPU.ActiveCfg = Release|Any CPU
		{19F0FE8C-CE2A-406A-9359-8B49B5482FEB}.Release|Any CPU.Build.0 = Release|Any CPU
		{19F0FE8C-CE2A-406A-9359-8B49B5482FEB}.Stable|Any CPU.ActiveCfg = Stable|Any CPU
		{19F0FE8C-CE2A-406A-9359-8B49B5482FEB}.Stable|Any CPU.Build.0 = Stable|Any CPU
		{31F36F7A-A81A-4483-BB29-F31ED58E32B5}.Canary|Any CPU.ActiveCfg = Canary|Any CPU
		{31F36F7A-A81A-4483-BB29-F31ED58E32B5}.Canary|Any CPU.Build.0 = Canary|Any CPU
		{31F36F7A-A81A-4483-BB29-F31ED58E32B5}.Debug|Any CPU.ActiveCfg = Debug|Any CPU
		{31F36F7A-A81A-4483-BB29-F31ED58E32B5}.Debug|Any CPU.Build.0 = Debug|Any CPU
		{31F36F7A-A81A-4483-BB29-F31ED58E32B5}.Nightly|Any CPU.ActiveCfg = Nightly|Any CPU
		{31F36F7A-A81A-4483-BB29-F31ED58E32B5}.Nightly|Any CPU.Build.0 = Nightly|Any CPU
		{31F36F7A-A81A-4483-BB29-F31ED58E32B5}.Release|Any CPU.ActiveCfg = Release|Any CPU
		{31F36F7A-A81A-4483-BB29-F31ED58E32B5}.Release|Any CPU.Build.0 = Release|Any CPU
		{31F36F7A-A81A-4483-BB29-F31ED58E32B5}.Stable|Any CPU.ActiveCfg = Stable|Any CPU
		{31F36F7A-A81A-4483-BB29-F31ED58E32B5}.Stable|Any CPU.Build.0 = Stable|Any CPU
		{58211A86-9D78-4749-BBD3-4F0331C3EF3D}.Canary|Any CPU.ActiveCfg = Canary|Any CPU
		{58211A86-9D78-4749-BBD3-4F0331C3EF3D}.Canary|Any CPU.Build.0 = Canary|Any CPU
		{58211A86-9D78-4749-BBD3-4F0331C3EF3D}.Debug|Any CPU.ActiveCfg = Debug|Any CPU
		{58211A86-9D78-4749-BBD3-4F0331C3EF3D}.Debug|Any CPU.Build.0 = Debug|Any CPU
		{58211A86-9D78-4749-BBD3-4F0331C3EF3D}.Nightly|Any CPU.ActiveCfg = Nightly|Any CPU
		{58211A86-9D78-4749-BBD3-4F0331C3EF3D}.Nightly|Any CPU.Build.0 = Nightly|Any CPU
		{58211A86-9D78-4749-BBD3-4F0331C3EF3D}.Release|Any CPU.ActiveCfg = Release|Any CPU
		{58211A86-9D78-4749-BBD3-4F0331C3EF3D}.Release|Any CPU.Build.0 = Release|Any CPU
		{58211A86-9D78-4749-BBD3-4F0331C3EF3D}.Stable|Any CPU.ActiveCfg = Stable|Any CPU
		{58211A86-9D78-4749-BBD3-4F0331C3EF3D}.Stable|Any CPU.Build.0 = Stable|Any CPU
		{915A3A43-40D3-49DD-B58A-0D622AFB5105}.Canary|Any CPU.ActiveCfg = Canary|Any CPU
		{915A3A43-40D3-49DD-B58A-0D622AFB5105}.Canary|Any CPU.Build.0 = Canary|Any CPU
		{915A3A43-40D3-49DD-B58A-0D622AFB5105}.Debug|Any CPU.ActiveCfg = Debug|Any CPU
		{915A3A43-40D3-49DD-B58A-0D622AFB5105}.Debug|Any CPU.Build.0 = Debug|Any CPU
		{915A3A43-40D3-49DD-B58A-0D622AFB5105}.Nightly|Any CPU.ActiveCfg = Nightly|Any CPU
		{915A3A43-40D3-49DD-B58A-0D622AFB5105}.Nightly|Any CPU.Build.0 = Nightly|Any CPU
		{915A3A43-40D3-49DD-B58A-0D622AFB5105}.Release|Any CPU.ActiveCfg = Release|Any CPU
		{915A3A43-40D3-49DD-B58A-0D622AFB5105}.Release|Any CPU.Build.0 = Release|Any CPU
		{915A3A43-40D3-49DD-B58A-0D622AFB5105}.Stable|Any CPU.ActiveCfg = Stable|Any CPU
		{915A3A43-40D3-49DD-B58A-0D622AFB5105}.Stable|Any CPU.Build.0 = Stable|Any CPU
		{26C4C19D-F53C-4898-A722-1877E6151A97}.Canary|Any CPU.ActiveCfg = Canary|Any CPU
		{26C4C19D-F53C-4898-A722-1877E6151A97}.Canary|Any CPU.Build.0 = Canary|Any CPU
		{26C4C19D-F53C-4898-A722-1877E6151A97}.Debug|Any CPU.ActiveCfg = Debug|Any CPU
		{26C4C19D-F53C-4898-A722-1877E6151A97}.Debug|Any CPU.Build.0 = Debug|Any CPU
		{26C4C19D-F53C-4898-A722-1877E6151A97}.Nightly|Any CPU.ActiveCfg = Nightly|Any CPU
		{26C4C19D-F53C-4898-A722-1877E6151A97}.Nightly|Any CPU.Build.0 = Nightly|Any CPU
		{26C4C19D-F53C-4898-A722-1877E6151A97}.Release|Any CPU.ActiveCfg = Release|Any CPU
		{26C4C19D-F53C-4898-A722-1877E6151A97}.Release|Any CPU.Build.0 = Release|Any CPU
		{26C4C19D-F53C-4898-A722-1877E6151A97}.Stable|Any CPU.ActiveCfg = Stable|Any CPU
		{26C4C19D-F53C-4898-A722-1877E6151A97}.Stable|Any CPU.Build.0 = Stable|Any CPU
		{18EAF00A-CC46-412F-B8AE-D06C055944B8}.Canary|Any CPU.ActiveCfg = Canary|Any CPU
		{18EAF00A-CC46-412F-B8AE-D06C055944B8}.Canary|Any CPU.Build.0 = Canary|Any CPU
		{18EAF00A-CC46-412F-B8AE-D06C055944B8}.Debug|Any CPU.ActiveCfg = Debug|Any CPU
		{18EAF00A-CC46-412F-B8AE-D06C055944B8}.Debug|Any CPU.Build.0 = Debug|Any CPU
		{18EAF00A-CC46-412F-B8AE-D06C055944B8}.Nightly|Any CPU.ActiveCfg = Nightly|Any CPU
		{18EAF00A-CC46-412F-B8AE-D06C055944B8}.Nightly|Any CPU.Build.0 = Nightly|Any CPU
		{18EAF00A-CC46-412F-B8AE-D06C055944B8}.Release|Any CPU.ActiveCfg = Release|Any CPU
		{18EAF00A-CC46-412F-B8AE-D06C055944B8}.Release|Any CPU.Build.0 = Release|Any CPU
		{18EAF00A-CC46-412F-B8AE-D06C055944B8}.Stable|Any CPU.ActiveCfg = Stable|Any CPU
		{18EAF00A-CC46-412F-B8AE-D06C055944B8}.Stable|Any CPU.Build.0 = Stable|Any CPU
		{89B39CB2-5B83-4E47-A2D0-F55617561E3E}.Canary|Any CPU.ActiveCfg = Canary|Any CPU
		{89B39CB2-5B83-4E47-A2D0-F55617561E3E}.Canary|Any CPU.Build.0 = Canary|Any CPU
		{89B39CB2-5B83-4E47-A2D0-F55617561E3E}.Debug|Any CPU.ActiveCfg = Debug|Any CPU
		{89B39CB2-5B83-4E47-A2D0-F55617561E3E}.Debug|Any CPU.Build.0 = Debug|Any CPU
		{89B39CB2-5B83-4E47-A2D0-F55617561E3E}.Nightly|Any CPU.ActiveCfg = Nightly|Any CPU
		{89B39CB2-5B83-4E47-A2D0-F55617561E3E}.Nightly|Any CPU.Build.0 = Nightly|Any CPU
		{89B39CB2-5B83-4E47-A2D0-F55617561E3E}.Release|Any CPU.ActiveCfg = Release|Any CPU
		{89B39CB2-5B83-4E47-A2D0-F55617561E3E}.Release|Any CPU.Build.0 = Release|Any CPU
		{89B39CB2-5B83-4E47-A2D0-F55617561E3E}.Stable|Any CPU.ActiveCfg = Stable|Any CPU
		{89B39CB2-5B83-4E47-A2D0-F55617561E3E}.Stable|Any CPU.Build.0 = Stable|Any CPU
		{83B6B3AD-4566-474B-A574-B3D1E1FBE781}.Canary|Any CPU.ActiveCfg = Canary|Any CPU
		{83B6B3AD-4566-474B-A574-B3D1E1FBE781}.Canary|Any CPU.Build.0 = Canary|Any CPU
		{83B6B3AD-4566-474B-A574-B3D1E1FBE781}.Debug|Any CPU.ActiveCfg = Debug|Any CPU
		{83B6B3AD-4566-474B-A574-B3D1E1FBE781}.Debug|Any CPU.Build.0 = Debug|Any CPU
		{83B6B3AD-4566-474B-A574-B3D1E1FBE781}.Nightly|Any CPU.ActiveCfg = Nightly|Any CPU
		{83B6B3AD-4566-474B-A574-B3D1E1FBE781}.Nightly|Any CPU.Build.0 = Nightly|Any CPU
		{83B6B3AD-4566-474B-A574-B3D1E1FBE781}.Release|Any CPU.ActiveCfg = Release|Any CPU
		{83B6B3AD-4566-474B-A574-B3D1E1FBE781}.Release|Any CPU.Build.0 = Release|Any CPU
		{83B6B3AD-4566-474B-A574-B3D1E1FBE781}.Stable|Any CPU.ActiveCfg = Stable|Any CPU
		{83B6B3AD-4566-474B-A574-B3D1E1FBE781}.Stable|Any CPU.Build.0 = Stable|Any CPU
		{2CBCEECF-3562-4731-BB94-4D7195A40A01}.Canary|Any CPU.ActiveCfg = Canary|Any CPU
		{2CBCEECF-3562-4731-BB94-4D7195A40A01}.Canary|Any CPU.Build.0 = Canary|Any CPU
		{2CBCEECF-3562-4731-BB94-4D7195A40A01}.Debug|Any CPU.ActiveCfg = Debug|Any CPU
		{2CBCEECF-3562-4731-BB94-4D7195A40A01}.Debug|Any CPU.Build.0 = Debug|Any CPU
		{2CBCEECF-3562-4731-BB94-4D7195A40A01}.Nightly|Any CPU.ActiveCfg = Nightly|Any CPU
		{2CBCEECF-3562-4731-BB94-4D7195A40A01}.Nightly|Any CPU.Build.0 = Nightly|Any CPU
		{2CBCEECF-3562-4731-BB94-4D7195A40A01}.Release|Any CPU.ActiveCfg = Release|Any CPU
		{2CBCEECF-3562-4731-BB94-4D7195A40A01}.Release|Any CPU.Build.0 = Release|Any CPU
		{2CBCEECF-3562-4731-BB94-4D7195A40A01}.Stable|Any CPU.ActiveCfg = Stable|Any CPU
		{2CBCEECF-3562-4731-BB94-4D7195A40A01}.Stable|Any CPU.Build.0 = Stable|Any CPU
		{17F0D6D2-0719-4548-B50A-54004A65F397}.Canary|Any CPU.ActiveCfg = Canary|Any CPU
		{17F0D6D2-0719-4548-B50A-54004A65F397}.Canary|Any CPU.Build.0 = Canary|Any CPU
		{17F0D6D2-0719-4548-B50A-54004A65F397}.Debug|Any CPU.ActiveCfg = Debug|Any CPU
		{17F0D6D2-0719-4548-B50A-54004A65F397}.Debug|Any CPU.Build.0 = Debug|Any CPU
		{17F0D6D2-0719-4548-B50A-54004A65F397}.Nightly|Any CPU.ActiveCfg = Nightly|Any CPU
		{17F0D6D2-0719-4548-B50A-54004A65F397}.Nightly|Any CPU.Build.0 = Nightly|Any CPU
		{17F0D6D2-0719-4548-B50A-54004A65F397}.Release|Any CPU.ActiveCfg = Release|Any CPU
		{17F0D6D2-0719-4548-B50A-54004A65F397}.Release|Any CPU.Build.0 = Release|Any CPU
		{17F0D6D2-0719-4548-B50A-54004A65F397}.Stable|Any CPU.ActiveCfg = Stable|Any CPU
		{17F0D6D2-0719-4548-B50A-54004A65F397}.Stable|Any CPU.Build.0 = Stable|Any CPU
		{F6C3AB36-E561-42A3-978D-6E5A8ACC863E}.Canary|Any CPU.ActiveCfg = Canary|Any CPU
		{F6C3AB36-E561-42A3-978D-6E5A8ACC863E}.Canary|Any CPU.Build.0 = Canary|Any CPU
		{F6C3AB36-E561-42A3-978D-6E5A8ACC863E}.Debug|Any CPU.ActiveCfg = Debug|Any CPU
		{F6C3AB36-E561-42A3-978D-6E5A8ACC863E}.Debug|Any CPU.Build.0 = Debug|Any CPU
		{F6C3AB36-E561-42A3-978D-6E5A8ACC863E}.Nightly|Any CPU.ActiveCfg = Nightly|Any CPU
		{F6C3AB36-E561-42A3-978D-6E5A8ACC863E}.Nightly|Any CPU.Build.0 = Nightly|Any CPU
		{F6C3AB36-E561-42A3-978D-6E5A8ACC863E}.Release|Any CPU.ActiveCfg = Release|Any CPU
		{F6C3AB36-E561-42A3-978D-6E5A8ACC863E}.Release|Any CPU.Build.0 = Release|Any CPU
		{F6C3AB36-E561-42A3-978D-6E5A8ACC863E}.Stable|Any CPU.ActiveCfg = Stable|Any CPU
		{F6C3AB36-E561-42A3-978D-6E5A8ACC863E}.Stable|Any CPU.Build.0 = Stable|Any CPU
		{B90E94D8-A8B5-4979-B0A0-326C2C8A3F3A}.Canary|Any CPU.ActiveCfg = Debug|Any CPU
		{B90E94D8-A8B5-4979-B0A0-326C2C8A3F3A}.Canary|Any CPU.Build.0 = Debug|Any CPU
		{B90E94D8-A8B5-4979-B0A0-326C2C8A3F3A}.Debug|Any CPU.ActiveCfg = Debug|Any CPU
		{B90E94D8-A8B5-4979-B0A0-326C2C8A3F3A}.Debug|Any CPU.Build.0 = Debug|Any CPU
		{B90E94D8-A8B5-4979-B0A0-326C2C8A3F3A}.Nightly|Any CPU.ActiveCfg = Debug|Any CPU
		{B90E94D8-A8B5-4979-B0A0-326C2C8A3F3A}.Nightly|Any CPU.Build.0 = Debug|Any CPU
		{B90E94D8-A8B5-4979-B0A0-326C2C8A3F3A}.Release|Any CPU.ActiveCfg = Release|Any CPU
		{B90E94D8-A8B5-4979-B0A0-326C2C8A3F3A}.Release|Any CPU.Build.0 = Release|Any CPU
		{B90E94D8-A8B5-4979-B0A0-326C2C8A3F3A}.Stable|Any CPU.ActiveCfg = Debug|Any CPU
		{B90E94D8-A8B5-4979-B0A0-326C2C8A3F3A}.Stable|Any CPU.Build.0 = Debug|Any CPU
		{09B56566-9237-42F0-89E2-23289B171460}.Canary|Any CPU.ActiveCfg = Canary|Any CPU
		{09B56566-9237-42F0-89E2-23289B171460}.Canary|Any CPU.Build.0 = Canary|Any CPU
		{09B56566-9237-42F0-89E2-23289B171460}.Debug|Any CPU.ActiveCfg = Debug|Any CPU
		{09B56566-9237-42F0-89E2-23289B171460}.Debug|Any CPU.Build.0 = Debug|Any CPU
		{09B56566-9237-42F0-89E2-23289B171460}.Nightly|Any CPU.ActiveCfg = Nightly|Any CPU
		{09B56566-9237-42F0-89E2-23289B171460}.Nightly|Any CPU.Build.0 = Nightly|Any CPU
		{09B56566-9237-42F0-89E2-23289B171460}.Release|Any CPU.ActiveCfg = Release|Any CPU
		{09B56566-9237-42F0-89E2-23289B171460}.Release|Any CPU.Build.0 = Release|Any CPU
		{09B56566-9237-42F0-89E2-23289B171460}.Stable|Any CPU.ActiveCfg = Stable|Any CPU
		{09B56566-9237-42F0-89E2-23289B171460}.Stable|Any CPU.Build.0 = Stable|Any CPU
		{DEE87FD3-058A-4097-886F-5A9B2451AD54}.Canary|Any CPU.ActiveCfg = Canary|Any CPU
		{DEE87FD3-058A-4097-886F-5A9B2451AD54}.Canary|Any CPU.Build.0 = Canary|Any CPU
		{DEE87FD3-058A-4097-886F-5A9B2451AD54}.Debug|Any CPU.ActiveCfg = Debug|Any CPU
		{DEE87FD3-058A-4097-886F-5A9B2451AD54}.Debug|Any CPU.Build.0 = Debug|Any CPU
		{DEE87FD3-058A-4097-886F-5A9B2451AD54}.Nightly|Any CPU.ActiveCfg = Nightly|Any CPU
		{DEE87FD3-058A-4097-886F-5A9B2451AD54}.Nightly|Any CPU.Build.0 = Nightly|Any CPU
		{DEE87FD3-058A-4097-886F-5A9B2451AD54}.Release|Any CPU.ActiveCfg = Release|Any CPU
		{DEE87FD3-058A-4097-886F-5A9B2451AD54}.Release|Any CPU.Build.0 = Release|Any CPU
		{DEE87FD3-058A-4097-886F-5A9B2451AD54}.Stable|Any CPU.ActiveCfg = Stable|Any CPU
		{DEE87FD3-058A-4097-886F-5A9B2451AD54}.Stable|Any CPU.Build.0 = Stable|Any CPU
		{8D2347FB-7544-4045-8031-443D815DA85C}.Canary|Any CPU.ActiveCfg = Canary|Any CPU
		{8D2347FB-7544-4045-8031-443D815DA85C}.Canary|Any CPU.Build.0 = Canary|Any CPU
		{8D2347FB-7544-4045-8031-443D815DA85C}.Debug|Any CPU.ActiveCfg = Debug|Any CPU
		{8D2347FB-7544-4045-8031-443D815DA85C}.Debug|Any CPU.Build.0 = Debug|Any CPU
		{8D2347FB-7544-4045-8031-443D815DA85C}.Nightly|Any CPU.ActiveCfg = Nightly|Any CPU
		{8D2347FB-7544-4045-8031-443D815DA85C}.Nightly|Any CPU.Build.0 = Nightly|Any CPU
		{8D2347FB-7544-4045-8031-443D815DA85C}.Release|Any CPU.ActiveCfg = Release|Any CPU
		{8D2347FB-7544-4045-8031-443D815DA85C}.Release|Any CPU.Build.0 = Release|Any CPU
		{8D2347FB-7544-4045-8031-443D815DA85C}.Stable|Any CPU.ActiveCfg = Stable|Any CPU
		{8D2347FB-7544-4045-8031-443D815DA85C}.Stable|Any CPU.Build.0 = Stable|Any CPU
		{7BD4FBB2-243A-4353-92B6-E36BFA3BE4AE}.Canary|Any CPU.ActiveCfg = Canary|Any CPU
		{7BD4FBB2-243A-4353-92B6-E36BFA3BE4AE}.Canary|Any CPU.Build.0 = Canary|Any CPU
		{7BD4FBB2-243A-4353-92B6-E36BFA3BE4AE}.Debug|Any CPU.ActiveCfg = Debug|Any CPU
		{7BD4FBB2-243A-4353-92B6-E36BFA3BE4AE}.Debug|Any CPU.Build.0 = Debug|Any CPU
		{7BD4FBB2-243A-4353-92B6-E36BFA3BE4AE}.Nightly|Any CPU.ActiveCfg = Nightly|Any CPU
		{7BD4FBB2-243A-4353-92B6-E36BFA3BE4AE}.Nightly|Any CPU.Build.0 = Nightly|Any CPU
		{7BD4FBB2-243A-4353-92B6-E36BFA3BE4AE}.Release|Any CPU.ActiveCfg = Release|Any CPU
		{7BD4FBB2-243A-4353-92B6-E36BFA3BE4AE}.Release|Any CPU.Build.0 = Release|Any CPU
		{7BD4FBB2-243A-4353-92B6-E36BFA3BE4AE}.Stable|Any CPU.ActiveCfg = Stable|Any CPU
		{7BD4FBB2-243A-4353-92B6-E36BFA3BE4AE}.Stable|Any CPU.Build.0 = Stable|Any CPU
		{CADD10B3-18CF-4DFB-9AE1-905A43ECB789}.Canary|Any CPU.ActiveCfg = Canary|Any CPU
		{CADD10B3-18CF-4DFB-9AE1-905A43ECB789}.Canary|Any CPU.Build.0 = Canary|Any CPU
		{CADD10B3-18CF-4DFB-9AE1-905A43ECB789}.Debug|Any CPU.ActiveCfg = Debug|Any CPU
		{CADD10B3-18CF-4DFB-9AE1-905A43ECB789}.Debug|Any CPU.Build.0 = Debug|Any CPU
		{CADD10B3-18CF-4DFB-9AE1-905A43ECB789}.Nightly|Any CPU.ActiveCfg = Nightly|Any CPU
		{CADD10B3-18CF-4DFB-9AE1-905A43ECB789}.Nightly|Any CPU.Build.0 = Nightly|Any CPU
		{CADD10B3-18CF-4DFB-9AE1-905A43ECB789}.Release|Any CPU.ActiveCfg = Release|Any CPU
		{CADD10B3-18CF-4DFB-9AE1-905A43ECB789}.Release|Any CPU.Build.0 = Release|Any CPU
		{CADD10B3-18CF-4DFB-9AE1-905A43ECB789}.Stable|Any CPU.ActiveCfg = Stable|Any CPU
		{CADD10B3-18CF-4DFB-9AE1-905A43ECB789}.Stable|Any CPU.Build.0 = Stable|Any CPU
		{CB9F8F15-A712-4FD7-B0D7-52A513251904}.Canary|Any CPU.ActiveCfg = Canary|Any CPU
		{CB9F8F15-A712-4FD7-B0D7-52A513251904}.Canary|Any CPU.Build.0 = Canary|Any CPU
		{CB9F8F15-A712-4FD7-B0D7-52A513251904}.Debug|Any CPU.ActiveCfg = Debug|Any CPU
		{CB9F8F15-A712-4FD7-B0D7-52A513251904}.Debug|Any CPU.Build.0 = Debug|Any CPU
		{CB9F8F15-A712-4FD7-B0D7-52A513251904}.Nightly|Any CPU.ActiveCfg = Nightly|Any CPU
		{CB9F8F15-A712-4FD7-B0D7-52A513251904}.Nightly|Any CPU.Build.0 = Nightly|Any CPU
		{CB9F8F15-A712-4FD7-B0D7-52A513251904}.Release|Any CPU.ActiveCfg = Release|Any CPU
		{CB9F8F15-A712-4FD7-B0D7-52A513251904}.Release|Any CPU.Build.0 = Release|Any CPU
		{CB9F8F15-A712-4FD7-B0D7-52A513251904}.Stable|Any CPU.ActiveCfg = Stable|Any CPU
		{CB9F8F15-A712-4FD7-B0D7-52A513251904}.Stable|Any CPU.Build.0 = Stable|Any CPU
		{5D11FF85-9077-42D7-A21B-B5BBED2CA5FF}.Canary|Any CPU.ActiveCfg = Canary|Any CPU
		{5D11FF85-9077-42D7-A21B-B5BBED2CA5FF}.Canary|Any CPU.Build.0 = Canary|Any CPU
		{5D11FF85-9077-42D7-A21B-B5BBED2CA5FF}.Debug|Any CPU.ActiveCfg = Debug|Any CPU
		{5D11FF85-9077-42D7-A21B-B5BBED2CA5FF}.Debug|Any CPU.Build.0 = Debug|Any CPU
		{5D11FF85-9077-42D7-A21B-B5BBED2CA5FF}.Nightly|Any CPU.ActiveCfg = Nightly|Any CPU
		{5D11FF85-9077-42D7-A21B-B5BBED2CA5FF}.Nightly|Any CPU.Build.0 = Nightly|Any CPU
		{5D11FF85-9077-42D7-A21B-B5BBED2CA5FF}.Release|Any CPU.ActiveCfg = Release|Any CPU
		{5D11FF85-9077-42D7-A21B-B5BBED2CA5FF}.Release|Any CPU.Build.0 = Release|Any CPU
		{5D11FF85-9077-42D7-A21B-B5BBED2CA5FF}.Stable|Any CPU.ActiveCfg = Stable|Any CPU
		{5D11FF85-9077-42D7-A21B-B5BBED2CA5FF}.Stable|Any CPU.Build.0 = Stable|Any CPU
		{52A1A4A3-4307-4DE5-906B-BE58DBB607EF}.Canary|Any CPU.ActiveCfg = Debug|Any CPU
		{52A1A4A3-4307-4DE5-906B-BE58DBB607EF}.Canary|Any CPU.Build.0 = Debug|Any CPU
		{52A1A4A3-4307-4DE5-906B-BE58DBB607EF}.Debug|Any CPU.ActiveCfg = Debug|Any CPU
		{52A1A4A3-4307-4DE5-906B-BE58DBB607EF}.Debug|Any CPU.Build.0 = Debug|Any CPU
		{52A1A4A3-4307-4DE5-906B-BE58DBB607EF}.Nightly|Any CPU.ActiveCfg = Debug|Any CPU
		{52A1A4A3-4307-4DE5-906B-BE58DBB607EF}.Nightly|Any CPU.Build.0 = Debug|Any CPU
		{52A1A4A3-4307-4DE5-906B-BE58DBB607EF}.Release|Any CPU.ActiveCfg = Release|Any CPU
		{52A1A4A3-4307-4DE5-906B-BE58DBB607EF}.Release|Any CPU.Build.0 = Release|Any CPU
		{52A1A4A3-4307-4DE5-906B-BE58DBB607EF}.Stable|Any CPU.ActiveCfg = Debug|Any CPU
		{52A1A4A3-4307-4DE5-906B-BE58DBB607EF}.Stable|Any CPU.Build.0 = Debug|Any CPU
		{0CDF8D9B-A11A-49B5-AB00-EF785595B2C5}.Canary|Any CPU.ActiveCfg = Canary|Any CPU
		{0CDF8D9B-A11A-49B5-AB00-EF785595B2C5}.Canary|Any CPU.Build.0 = Canary|Any CPU
		{0CDF8D9B-A11A-49B5-AB00-EF785595B2C5}.Debug|Any CPU.ActiveCfg = Debug|Any CPU
		{0CDF8D9B-A11A-49B5-AB00-EF785595B2C5}.Debug|Any CPU.Build.0 = Debug|Any CPU
		{0CDF8D9B-A11A-49B5-AB00-EF785595B2C5}.Nightly|Any CPU.ActiveCfg = Nightly|Any CPU
		{0CDF8D9B-A11A-49B5-AB00-EF785595B2C5}.Nightly|Any CPU.Build.0 = Nightly|Any CPU
		{0CDF8D9B-A11A-49B5-AB00-EF785595B2C5}.Release|Any CPU.ActiveCfg = Release|Any CPU
		{0CDF8D9B-A11A-49B5-AB00-EF785595B2C5}.Release|Any CPU.Build.0 = Release|Any CPU
		{0CDF8D9B-A11A-49B5-AB00-EF785595B2C5}.Stable|Any CPU.ActiveCfg = Stable|Any CPU
		{0CDF8D9B-A11A-49B5-AB00-EF785595B2C5}.Stable|Any CPU.Build.0 = Stable|Any CPU
		{5403627C-BE3E-4143-8BD4-425E7A174DF7}.Canary|Any CPU.ActiveCfg = Canary|Any CPU
		{5403627C-BE3E-4143-8BD4-425E7A174DF7}.Canary|Any CPU.Build.0 = Canary|Any CPU
		{5403627C-BE3E-4143-8BD4-425E7A174DF7}.Debug|Any CPU.ActiveCfg = Debug|Any CPU
		{5403627C-BE3E-4143-8BD4-425E7A174DF7}.Debug|Any CPU.Build.0 = Debug|Any CPU
		{5403627C-BE3E-4143-8BD4-425E7A174DF7}.Nightly|Any CPU.ActiveCfg = Nightly|Any CPU
		{5403627C-BE3E-4143-8BD4-425E7A174DF7}.Nightly|Any CPU.Build.0 = Nightly|Any CPU
		{5403627C-BE3E-4143-8BD4-425E7A174DF7}.Release|Any CPU.ActiveCfg = Release|Any CPU
		{5403627C-BE3E-4143-8BD4-425E7A174DF7}.Release|Any CPU.Build.0 = Release|Any CPU
		{5403627C-BE3E-4143-8BD4-425E7A174DF7}.Stable|Any CPU.ActiveCfg = Stable|Any CPU
		{5403627C-BE3E-4143-8BD4-425E7A174DF7}.Stable|Any CPU.Build.0 = Stable|Any CPU
		{F8310E34-5CDA-47FD-B524-5D49B34877A5}.Canary|Any CPU.ActiveCfg = Canary|Any CPU
		{F8310E34-5CDA-47FD-B524-5D49B34877A5}.Canary|Any CPU.Build.0 = Canary|Any CPU
		{F8310E34-5CDA-47FD-B524-5D49B34877A5}.Debug|Any CPU.ActiveCfg = Debug|Any CPU
		{F8310E34-5CDA-47FD-B524-5D49B34877A5}.Debug|Any CPU.Build.0 = Debug|Any CPU
		{F8310E34-5CDA-47FD-B524-5D49B34877A5}.Nightly|Any CPU.ActiveCfg = Nightly|Any CPU
		{F8310E34-5CDA-47FD-B524-5D49B34877A5}.Nightly|Any CPU.Build.0 = Nightly|Any CPU
		{F8310E34-5CDA-47FD-B524-5D49B34877A5}.Release|Any CPU.ActiveCfg = Release|Any CPU
		{F8310E34-5CDA-47FD-B524-5D49B34877A5}.Release|Any CPU.Build.0 = Release|Any CPU
		{F8310E34-5CDA-47FD-B524-5D49B34877A5}.Stable|Any CPU.ActiveCfg = Stable|Any CPU
		{F8310E34-5CDA-47FD-B524-5D49B34877A5}.Stable|Any CPU.Build.0 = Stable|Any CPU
		{2064444E-74C4-4E18-8D6F-D9F0D2DCCD52}.Canary|Any CPU.ActiveCfg = Canary|Any CPU
		{2064444E-74C4-4E18-8D6F-D9F0D2DCCD52}.Canary|Any CPU.Build.0 = Canary|Any CPU
		{2064444E-74C4-4E18-8D6F-D9F0D2DCCD52}.Debug|Any CPU.ActiveCfg = Debug|Any CPU
		{2064444E-74C4-4E18-8D6F-D9F0D2DCCD52}.Debug|Any CPU.Build.0 = Debug|Any CPU
		{2064444E-74C4-4E18-8D6F-D9F0D2DCCD52}.Nightly|Any CPU.ActiveCfg = Nightly|Any CPU
		{2064444E-74C4-4E18-8D6F-D9F0D2DCCD52}.Nightly|Any CPU.Build.0 = Nightly|Any CPU
		{2064444E-74C4-4E18-8D6F-D9F0D2DCCD52}.Release|Any CPU.ActiveCfg = Release|Any CPU
		{2064444E-74C4-4E18-8D6F-D9F0D2DCCD52}.Release|Any CPU.Build.0 = Release|Any CPU
		{2064444E-74C4-4E18-8D6F-D9F0D2DCCD52}.Stable|Any CPU.ActiveCfg = Stable|Any CPU
		{2064444E-74C4-4E18-8D6F-D9F0D2DCCD52}.Stable|Any CPU.Build.0 = Stable|Any CPU
		{FBD80AF7-6B5F-40AE-9349-D3E5B6FF504D}.Canary|Any CPU.ActiveCfg = Canary|Any CPU
		{FBD80AF7-6B5F-40AE-9349-D3E5B6FF504D}.Canary|Any CPU.Build.0 = Canary|Any CPU
		{FBD80AF7-6B5F-40AE-9349-D3E5B6FF504D}.Debug|Any CPU.ActiveCfg = Debug|Any CPU
		{FBD80AF7-6B5F-40AE-9349-D3E5B6FF504D}.Debug|Any CPU.Build.0 = Debug|Any CPU
		{FBD80AF7-6B5F-40AE-9349-D3E5B6FF504D}.Nightly|Any CPU.ActiveCfg = Nightly|Any CPU
		{FBD80AF7-6B5F-40AE-9349-D3E5B6FF504D}.Nightly|Any CPU.Build.0 = Nightly|Any CPU
		{FBD80AF7-6B5F-40AE-9349-D3E5B6FF504D}.Release|Any CPU.ActiveCfg = Release|Any CPU
		{FBD80AF7-6B5F-40AE-9349-D3E5B6FF504D}.Release|Any CPU.Build.0 = Release|Any CPU
		{FBD80AF7-6B5F-40AE-9349-D3E5B6FF504D}.Stable|Any CPU.ActiveCfg = Stable|Any CPU
		{FBD80AF7-6B5F-40AE-9349-D3E5B6FF504D}.Stable|Any CPU.Build.0 = Stable|Any CPU
		{ECAD0B86-1C56-4520-B6BE-174C075134A0}.Canary|Any CPU.ActiveCfg = Canary|Any CPU
		{ECAD0B86-1C56-4520-B6BE-174C075134A0}.Canary|Any CPU.Build.0 = Canary|Any CPU
		{ECAD0B86-1C56-4520-B6BE-174C075134A0}.Debug|Any CPU.ActiveCfg = Debug|Any CPU
		{ECAD0B86-1C56-4520-B6BE-174C075134A0}.Debug|Any CPU.Build.0 = Debug|Any CPU
		{ECAD0B86-1C56-4520-B6BE-174C075134A0}.Nightly|Any CPU.ActiveCfg = Nightly|Any CPU
		{ECAD0B86-1C56-4520-B6BE-174C075134A0}.Nightly|Any CPU.Build.0 = Nightly|Any CPU
		{ECAD0B86-1C56-4520-B6BE-174C075134A0}.Release|Any CPU.ActiveCfg = Release|Any CPU
		{ECAD0B86-1C56-4520-B6BE-174C075134A0}.Release|Any CPU.Build.0 = Release|Any CPU
		{ECAD0B86-1C56-4520-B6BE-174C075134A0}.Stable|Any CPU.ActiveCfg = Stable|Any CPU
		{ECAD0B86-1C56-4520-B6BE-174C075134A0}.Stable|Any CPU.Build.0 = Stable|Any CPU
		{E65F9EBB-944C-4B37-868E-F38B47ACBC1C}.Canary|Any CPU.ActiveCfg = Canary|Any CPU
		{E65F9EBB-944C-4B37-868E-F38B47ACBC1C}.Canary|Any CPU.Build.0 = Canary|Any CPU
		{E65F9EBB-944C-4B37-868E-F38B47ACBC1C}.Debug|Any CPU.ActiveCfg = Debug|Any CPU
		{E65F9EBB-944C-4B37-868E-F38B47ACBC1C}.Debug|Any CPU.Build.0 = Debug|Any CPU
		{E65F9EBB-944C-4B37-868E-F38B47ACBC1C}.Nightly|Any CPU.ActiveCfg = Nightly|Any CPU
		{E65F9EBB-944C-4B37-868E-F38B47ACBC1C}.Nightly|Any CPU.Build.0 = Nightly|Any CPU
		{E65F9EBB-944C-4B37-868E-F38B47ACBC1C}.Release|Any CPU.ActiveCfg = Release|Any CPU
		{E65F9EBB-944C-4B37-868E-F38B47ACBC1C}.Release|Any CPU.Build.0 = Release|Any CPU
		{E65F9EBB-944C-4B37-868E-F38B47ACBC1C}.Stable|Any CPU.ActiveCfg = Stable|Any CPU
		{E65F9EBB-944C-4B37-868E-F38B47ACBC1C}.Stable|Any CPU.Build.0 = Stable|Any CPU
	EndGlobalSection
	GlobalSection(SolutionProperties) = preSolution
		HideSolutionNode = FALSE
	EndGlobalSection
	GlobalSection(NestedProjects) = preSolution
		{F55EDAE2-F7A8-4AFA-8BA9-CCADF1B0E20D} = {533E813E-7844-45AE-9B84-65814F816E91}
		{F46F6E6B-AB28-438C-B0BC-1C432E742384} = {533E813E-7844-45AE-9B84-65814F816E91}
		{19F0FE8C-CE2A-406A-9359-8B49B5482FEB} = {533E813E-7844-45AE-9B84-65814F816E91}
		{31F36F7A-A81A-4483-BB29-F31ED58E32B5} = {533E813E-7844-45AE-9B84-65814F816E91}
		{58211A86-9D78-4749-BBD3-4F0331C3EF3D} = {533E813E-7844-45AE-9B84-65814F816E91}
		{915A3A43-40D3-49DD-B58A-0D622AFB5105} = {533E813E-7844-45AE-9B84-65814F816E91}
		{26C4C19D-F53C-4898-A722-1877E6151A97} = {533E813E-7844-45AE-9B84-65814F816E91}
		{18EAF00A-CC46-412F-B8AE-D06C055944B8} = {533E813E-7844-45AE-9B84-65814F816E91}
		{89B39CB2-5B83-4E47-A2D0-F55617561E3E} = {533E813E-7844-45AE-9B84-65814F816E91}
		{83B6B3AD-4566-474B-A574-B3D1E1FBE781} = {533E813E-7844-45AE-9B84-65814F816E91}
		{2CBCEECF-3562-4731-BB94-4D7195A40A01} = {533E813E-7844-45AE-9B84-65814F816E91}
		{17F0D6D2-0719-4548-B50A-54004A65F397} = {533E813E-7844-45AE-9B84-65814F816E91}
		{F6C3AB36-E561-42A3-978D-6E5A8ACC863E} = {533E813E-7844-45AE-9B84-65814F816E91}
		{B90E94D8-A8B5-4979-B0A0-326C2C8A3F3A} = {533E813E-7844-45AE-9B84-65814F816E91}
		{09B56566-9237-42F0-89E2-23289B171460} = {533E813E-7844-45AE-9B84-65814F816E91}
		{DEE87FD3-058A-4097-886F-5A9B2451AD54} = {533E813E-7844-45AE-9B84-65814F816E91}
		{8D2347FB-7544-4045-8031-443D815DA85C} = {533E813E-7844-45AE-9B84-65814F816E91}
		{7BD4FBB2-243A-4353-92B6-E36BFA3BE4AE} = {533E813E-7844-45AE-9B84-65814F816E91}
		{CADD10B3-18CF-4DFB-9AE1-905A43ECB789} = {533E813E-7844-45AE-9B84-65814F816E91}
		{CB9F8F15-A712-4FD7-B0D7-52A513251904} = {533E813E-7844-45AE-9B84-65814F816E91}
		{5D11FF85-9077-42D7-A21B-B5BBED2CA5FF} = {533E813E-7844-45AE-9B84-65814F816E91}
		{52A1A4A3-4307-4DE5-906B-BE58DBB607EF} = {533E813E-7844-45AE-9B84-65814F816E91}
		{0CDF8D9B-A11A-49B5-AB00-EF785595B2C5} = {533E813E-7844-45AE-9B84-65814F816E91}
		{5403627C-BE3E-4143-8BD4-425E7A174DF7} = {533E813E-7844-45AE-9B84-65814F816E91}
		{F8310E34-5CDA-47FD-B524-5D49B34877A5} = {533E813E-7844-45AE-9B84-65814F816E91}
		{2064444E-74C4-4E18-8D6F-D9F0D2DCCD52} = {533E813E-7844-45AE-9B84-65814F816E91}
		{FBD80AF7-6B5F-40AE-9349-D3E5B6FF504D} = {533E813E-7844-45AE-9B84-65814F816E91}
		{ECAD0B86-1C56-4520-B6BE-174C075134A0} = {533E813E-7844-45AE-9B84-65814F816E91}
		{E65F9EBB-944C-4B37-868E-F38B47ACBC1C} = {533E813E-7844-45AE-9B84-65814F816E91}
	EndGlobalSection
	GlobalSection(ExtensibilityGlobals) = postSolution
		SolutionGuid = {AAE0C18D-9273-41E7-9446-7E5F9FA2074A}
	EndGlobalSection
EndGlobal
