
Microsoft Visual Studio Solution File, Format Version 12.00
# Visual Studio Version 16
VisualStudioVersion = 16.0.31025.218
MinimumVisualStudioVersion = 10.0.40219.1
Project("{2150E333-8FDC-42A3-9474-1A3956D46DE8}") = "Main", "Main", "{252CCB85-EC69-4B0F-9ACB-4C37AE3F54B5}"
EndProject
Project("{2150E333-8FDC-42A3-9474-1A3956D46DE8}") = "Shared", "Shared", "{726DC0AA-2B0D-4EAC-BB7A-7C49AE13A390}"
EndProject
Project("{2150E333-8FDC-42A3-9474-1A3956D46DE8}") = "Third Party", "Third Party", "{E311F8C7-1F27-48CD-86BE-CC3D798163BE}"
EndProject
Project("{9A19103F-16F7-4668-BE54-9A1E7A4F7556}") = "Handlebars.NET", "Third Party\Handlebars.NET\Handlebars.NET.csproj", "{262E123E-4845-481F-945B-15014C8D4B33}"
EndProject
Project("{9A19103F-16F7-4668-BE54-9A1E7A4F7556}") = "Simple.MAPI.NET", "Third Party\Simple.MAPI.NET\Simple.MAPI.NET.csproj", "{4691FCA7-70E4-471A-B716-81FA87293E2E}"
EndProject
Project("{2150E333-8FDC-42A3-9474-1A3956D46DE8}") = "Repository Items", "Repository Items", "{5D85B551-9AFC-4E96-93C3-D8D81B69971F}"
EndProject
Project("{2150E333-8FDC-42A3-9474-1A3956D46DE8}") = "Build System", "Build System", "{87BE2145-50BE-4A57-9C79-FCE5A64F6065}"
	ProjectSection(SolutionItems) = preProject
		..\..\build.cmd = ..\..\build.cmd
		..\..\build.proj = ..\..\build.proj
		Directory.Build.props = Directory.Build.props
		..\..\Directory.Build.props = ..\..\Directory.Build.props
		Directory.Build.targets = Directory.Build.targets
	EndProjectSection
EndProject
Project("{2150E333-8FDC-42A3-9474-1A3956D46DE8}") = "Markdown", "Markdown", "{A7A69BC2-7682-43FB-8E7C-C42FDAA2A215}"
	ProjectSection(SolutionItems) = preProject
		..\..\Documents\Modules\Canary Modules.md = ..\..\Documents\Modules\Canary Modules.md
		..\..\Documents\Examples\Examples.md = ..\..\Documents\Examples\Examples.md
		..\..\Documents\Modules\NuGet Package Information.md = ..\..\Documents\Modules\NuGet Package Information.md
		..\..\Documents\Help\Prerequisites.md = ..\..\Documents\Help\Prerequisites.md
		..\..\README.md = ..\..\README.md
		..\..\Documents\Modules\Stable Modules.md = ..\..\Documents\Modules\Stable Modules.md
	EndProjectSection
EndProject
Project("{9A19103F-16F7-4668-BE54-9A1E7A4F7556}") = "Krypton.Toolkit.Suite.Extended.Messagebox", "Main\Krypton.Toolkit.Suite.Extended.Messagebox\Krypton.Toolkit.Suite.Extended.Messagebox.csproj", "{CF885412-B8C5-449B-A7AE-D9E81F405A5C}"
EndProject
Project("{9A19103F-16F7-4668-BE54-9A1E7A4F7556}") = "Krypton.Toolkit.Suite.Extended.Drawing.Utilities", "Main\Krypton.Toolkit.Suite.Extended.Drawing.Utilities\Krypton.Toolkit.Suite.Extended.Drawing.Utilities.csproj", "{D826A960-6CE3-4E8F-8028-ADE82D7BE4C1}"
EndProject
Project("{9A19103F-16F7-4668-BE54-9A1E7A4F7556}") = "Krypton.Toolkit.Suite.Extended.Error.Reporting", "Main\Krypton.Toolkit.Suite.Extended.Error.Reporting\Krypton.Toolkit.Suite.Extended.Error.Reporting.csproj", "{C3AF5854-C865-4620-B678-26CEB4A1596B}"
EndProject
Project("{9A19103F-16F7-4668-BE54-9A1E7A4F7556}") = "Krypton.Toolkit.Suite.Extended.Dialogs", "Main\Krypton.Toolkit.Suite.Extended.Dialogs\Krypton.Toolkit.Suite.Extended.Dialogs.csproj", "{48714D9F-E9DF-4F09-B29A-1B77EF522252}"
EndProject
Project("{9A19103F-16F7-4668-BE54-9A1E7A4F7556}") = "Krypton.Toolkit.Suite.Extended.Fast.Coloured.Text.Box", "Main\Krypton.Toolkit.Suite.Extended.Fast.Coloured.Text.Box\Krypton.Toolkit.Suite.Extended.Fast.Coloured.Text.Box.csproj", "{D388B564-8277-4D64-B25F-F68594FFCE21}"
EndProject
Project("{9A19103F-16F7-4668-BE54-9A1E7A4F7556}") = "Krypton.Toolkit.Suite.Extended.Circular.Progress.Bar", "Main\Krypton.Toolkit.Suite.Extended.Circular.Progress.Bar\Krypton.Toolkit.Suite.Extended.Circular.Progress.Bar.csproj", "{26802C83-BA7F-4D1A-B496-F54CBE6E5CBC}"
EndProject
Project("{9A19103F-16F7-4668-BE54-9A1E7A4F7556}") = "Krypton.Toolkit.Suite.Extended.Data.Visualisation", "Main\Krypton.Toolkit.Suite.Extended.Data.Visualisation\Krypton.Toolkit.Suite.Extended.Data.Visualisation.csproj", "{A2E6AB58-8DDC-4E0F-B69A-E355761D1148}"
EndProject
Project("{9A19103F-16F7-4668-BE54-9A1E7A4F7556}") = "Krypton.Toolkit.Suite.Extended.File.Explorer", "Main\Krypton.Toolkit.Suite.Extended.File.Explorer\Krypton.Toolkit.Suite.Extended.File.Explorer.csproj", "{80813DE0-350B-4D3B-8D36-9518B2B6A17C}"
EndProject
Project("{9A19103F-16F7-4668-BE54-9A1E7A4F7556}") = "Krypton.Toolkit.Suite.Extended.Floating.Toolbars", "Main\Krypton.Toolkit.Suite.Extended.Floating.Toolbars\Krypton.Toolkit.Suite.Extended.Floating.Toolbars.csproj", "{EBD380E1-55D3-4C3A-98C0-1B669ABF59BE}"
EndProject
Project("{9A19103F-16F7-4668-BE54-9A1E7A4F7556}") = "Krypton.Toolkit.Suite.Extended.Guages", "Main\Krypton.Toolkit.Suite.Extended.Guages\Krypton.Toolkit.Suite.Extended.Guages.csproj", "{B45A35ED-07C6-4CDA-A75B-56EBFF601232}"
EndProject
Project("{9A19103F-16F7-4668-BE54-9A1E7A4F7556}") = "Krypton.Toolkit.Suite.Extended.IO", "Main\Krypton.Toolkit.Suite.Extended.IO\Krypton.Toolkit.Suite.Extended.IO.csproj", "{83B92DB2-6318-4F7D-B169-9874637FF17F}"
EndProject
Project("{9A19103F-16F7-4668-BE54-9A1E7A4F7556}") = "Krypton.Toolkit.Suite.Extended.Wizard", "Main\Krypton.Toolkit.Suite.Extended.Wizard\Krypton.Toolkit.Suite.Extended.Wizard.csproj", "{B6FB3BE1-3E55-459C-BB8E-83E21D41C9E6}"
EndProject
Project("{9A19103F-16F7-4668-BE54-9A1E7A4F7556}") = "Krypton.Toolkit.Suite.Extended.List.View", "Main\Krypton.Toolkit.Suite.Extended.List.View\Krypton.Toolkit.Suite.Extended.List.View.csproj", "{8AE413C9-1F7D-4F91-BD16-760FB3789F93}"
EndProject
Project("{9A19103F-16F7-4668-BE54-9A1E7A4F7556}") = "Krypton.Toolkit.Suite.Extended.Navi.Suite", "Main\Krypton.Toolkit.Suite.Extended.Navi.Suite\Krypton.Toolkit.Suite.Extended.Navi.Suite.csproj", "{9FAC6BA5-4729-4917-8CD6-A3C03F29CC21}"
EndProject
Project("{9A19103F-16F7-4668-BE54-9A1E7A4F7556}") = "Krypton.Toolkit.Suite.Extended.Navigator", "Main\Krypton.Toolkit.Suite.Extended.Navigator\Krypton.Toolkit.Suite.Extended.Navigator.csproj", "{951D4C2F-69F2-4176-9502-CDA760D5233F}"
EndProject
Project("{9A19103F-16F7-4668-BE54-9A1E7A4F7556}") = "Krypton.Toolkit.Suite.Extended.Networking", "Main\Krypton.Toolkit.Suite.Extended.Networking\Krypton.Toolkit.Suite.Extended.Networking.csproj", "{A36AE7CE-8AF8-4711-8A8A-4FCDD14DE209}"
EndProject
Project("{9A19103F-16F7-4668-BE54-9A1E7A4F7556}") = "Krypton.Toolkit.Suite.Extended.Notifications", "Main\Krypton.Toolkit.Suite.Extended.Notifications\Krypton.Toolkit.Suite.Extended.Notifications.csproj", "{29A9E4C0-5292-4AD6-9915-54035A935BE0}"
EndProject
Project("{9A19103F-16F7-4668-BE54-9A1E7A4F7556}") = "Krypton.Toolkit.Suite.Extended.Outlook.Grid", "Main\Krypton.Toolkit.Suite.Extended.Outlook.Grid\Krypton.Toolkit.Suite.Extended.Outlook.Grid.csproj", "{FA183878-9C2A-4401-A091-A178834C7BFB}"
EndProject
Project("{9A19103F-16F7-4668-BE54-9A1E7A4F7556}") = "Krypton.Toolkit.Suite.Extended.Palette.Selectors", "Main\Krypton.Toolkit.Suite.Extended.Palette.Selectors\Krypton.Toolkit.Suite.Extended.Palette.Selectors.csproj", "{DFED7888-9B28-4879-A209-105C3D09CD66}"
EndProject
Project("{9A19103F-16F7-4668-BE54-9A1E7A4F7556}") = "Krypton.Toolkit.Suite.Extended.Software.Updater", "Main\Krypton.Toolkit.Suite.Extended.Software.Updater\Krypton.Toolkit.Suite.Extended.Software.Updater.csproj", "{2D272581-227C-4078-8EB0-2867C6BFD4AE}"
EndProject
Project("{9A19103F-16F7-4668-BE54-9A1E7A4F7556}") = "Krypton.Toolkit.Suite.Extended.Task.Dialogs", "Main\Krypton.Toolkit.Suite.Extended.Task.Dialogs\Krypton.Toolkit.Suite.Extended.Task.Dialogs.csproj", "{CAAD2D30-E698-4D35-86C0-BDF5C53E3687}"
EndProject
Project("{9A19103F-16F7-4668-BE54-9A1E7A4F7556}") = "Krypton.Toolkit.Suite.Extended.Theme.Switcher", "Main\Krypton.Toolkit.Suite.Extended.Theme.Switcher\Krypton.Toolkit.Suite.Extended.Theme.Switcher.csproj", "{C7B5B207-F14D-433D-BA08-41964C9E3FF3}"
EndProject
Project("{9A19103F-16F7-4668-BE54-9A1E7A4F7556}") = "Krypton.Toolkit.Suite.Extended.Toggle.Switch", "Main\Krypton.Toolkit.Suite.Extended.Toggle.Switch\Krypton.Toolkit.Suite.Extended.Toggle.Switch.csproj", "{DEFEFE2A-0C78-4A6D-859A-3B4B86207268}"
EndProject
Project("{9A19103F-16F7-4668-BE54-9A1E7A4F7556}") = "Krypton.Toolkit.Suite.Extended.Tool.Strip.Items", "Main\Krypton.Toolkit.Suite.Extended.Tool.Strip.Items\Krypton.Toolkit.Suite.Extended.Tool.Strip.Items.csproj", "{C673865F-569D-44CE-8002-37B04EE2DEB5}"
EndProject
Project("{9A19103F-16F7-4668-BE54-9A1E7A4F7556}") = "Krypton.Toolkit.Suite.Extended.Core", "Shared\Krypton.Toolkit.Suite.Extended.Core\Krypton.Toolkit.Suite.Extended.Core.csproj", "{D2A6CAA8-B30A-4F77-9ADD-0D791411D3DD}"
EndProject
Project("{9A19103F-16F7-4668-BE54-9A1E7A4F7556}") = "Krypton.Toolkit.Suite.Extended.Common", "Shared\Krypton.Toolkit.Suite.Extended.Common\Krypton.Toolkit.Suite.Extended.Common.csproj", "{4C17F4D3-E158-41F2-BA60-CDF14DE4423A}"
EndProject
Project("{9A19103F-16F7-4668-BE54-9A1E7A4F7556}") = "Krypton.Toolkit.Suite.Extended.Global.Utilities", "Shared\Krypton.Toolkit.Suite.Extended.Global.Utilities\Krypton.Toolkit.Suite.Extended.Global.Utilities.csproj", "{8C2326B4-ABAD-40DD-8D87-DC8B3B546699}"
EndProject
Project("{9A19103F-16F7-4668-BE54-9A1E7A4F7556}") = "Krypton.Toolkit.Suite.Extended.Language.Model", "Shared\Krypton.Toolkit.Suite.Extended.Language.Model\Krypton.Toolkit.Suite.Extended.Language.Model.csproj", "{472D078C-CA68-42C4-B59F-E94F63D489DA}"
EndProject
Project("{9A19103F-16F7-4668-BE54-9A1E7A4F7556}") = "Krypton.Toolkit.Suite.Extended.Resources", "Shared\Krypton.Toolkit.Suite.Extended.Resources\Krypton.Toolkit.Suite.Extended.Resources.csproj", "{31A508E4-D3F7-4F55-A0C5-1F0ED4E69BFC}"
EndProject
Project("{9A19103F-16F7-4668-BE54-9A1E7A4F7556}") = "Krypton.Toolkit.Suite.Extended.Settings", "Shared\Krypton.Toolkit.Suite.Extended.Settings\Krypton.Toolkit.Suite.Extended.Settings.csproj", "{0851A3F7-8FB9-4E57-965E-76B835587639}"
EndProject
Project("{9A19103F-16F7-4668-BE54-9A1E7A4F7556}") = "Krypton.Toolkit.Suite.Extended.Utilities", "Shared\Krypton.Toolkit.Suite.Extended.Utilities\Krypton.Toolkit.Suite.Extended.Utilities.csproj", "{7BA75AAC-7D3E-4ED3-9562-8176380BC49C}"
EndProject
Project("{9A19103F-16F7-4668-BE54-9A1E7A4F7556}") = "ILRepack.Lib.MSBuild.Task", "Third Party\ILRepack.Lib.MSBuild.Task\ILRepack.Lib.MSBuild.Task.csproj", "{66DD6657-39B3-4ACF-9EE9-B60EF96A2262}"
EndProject
Project("{9A19103F-16F7-4668-BE54-9A1E7A4F7556}") = "Zip.Storer", "Third Party\Zip.Storer\Zip.Storer.csproj", "{7A5B99D8-8925-4831-9704-2A211C0F470A}"
EndProject
Project("{9A19103F-16F7-4668-BE54-9A1E7A4F7556}") = "Scintilla.NET", "Third Party\Scintilla.NET\Scintilla.NET.csproj", "{4C65A943-E114-4535-9C84-1D5CE0612FE0}"
EndProject
Project("{9A19103F-16F7-4668-BE54-9A1E7A4F7556}") = "Krypton.Toolkit.Suite.Extended.Controls", "Main\Krypton.Toolkit.Suite.Extended.Controls\Krypton.Toolkit.Suite.Extended.Controls.csproj", "{838FCD3C-9306-427D-9A99-9E68CEFA584C}"
EndProject
Project("{9A19103F-16F7-4668-BE54-9A1E7A4F7556}") = "Krypton.Toolkit.Suite.Extended.Tool.Box", "Main\Krypton.Toolkit.Suite.Extended.Tool.Box\Krypton.Toolkit.Suite.Extended.Tool.Box.csproj", "{572B0D12-A04B-4EB9-B5FB-87F66FF91078}"
EndProject
Project("{9A19103F-16F7-4668-BE54-9A1E7A4F7556}") = "Krypton.Toolkit.Suite.Extended.Developer.Utilities", "Main\Krypton.Toolkit.Suite.Extended.Developer.Utilities\Krypton.Toolkit.Suite.Extended.Developer.Utilities.csproj", "{02E3E01C-A4F8-46CD-B157-17E5540C5BFF}"
EndProject
Project("{9A19103F-16F7-4668-BE54-9A1E7A4F7556}") = "Krypton.Toolkit.Suite.Extended.Buttons", "Main\Krypton.Toolkit.Suite.Extended.Buttons\Krypton.Toolkit.Suite.Extended.Buttons.csproj", "{FDD335B3-3293-4E93-B81F-54F84DC6276A}"
EndProject
Project("{9A19103F-16F7-4668-BE54-9A1E7A4F7556}") = "Krypton.Toolkit.Suite.Extended.Property.Grid", "Main\Krypton.Toolkit.Suite.Extended.Property.Grid\Krypton.Toolkit.Suite.Extended.Property.Grid.csproj", "{1F967ACE-79F7-4C71-9032-3E5705D13C9F}"
EndProject
Project("{2150E333-8FDC-42A3-9474-1A3956D46DE8}") = "API CodePack", "API CodePack", "{D3F14B97-D6F3-47F8-85CB-E9A7903D372D}"
EndProject
Project("{9A19103F-16F7-4668-BE54-9A1E7A4F7556}") = "Microsoft.Windows.API.Code.Pack.Shell.Extensions", "Third Party\Microsoft.Windows.API.Code.Pack.Shell.Extensions\Microsoft.Windows.API.Code.Pack.Shell.Extensions.csproj", "{008DC5A2-8B95-48C4-A7CF-2B2BE0AE5946}"
EndProject
Project("{9A19103F-16F7-4668-BE54-9A1E7A4F7556}") = "Microsoft.Windows.API.Code.Pack.Core", "Third Party\Microsoft.Windows.API.Code.Pack.Core\Microsoft.Windows.API.Code.Pack.Core.csproj", "{947C2245-2CAB-4A72-8BFA-A2145576B25F}"
EndProject
Project("{9A19103F-16F7-4668-BE54-9A1E7A4F7556}") = "DataGridViewExt", "Examples\DataGridView\DataGridViewExt.csproj", "{755941EF-B990-4475-9C13-C20837FF037D}"
EndProject
Project("{9A19103F-16F7-4668-BE54-9A1E7A4F7556}") = "Krypton.Toolkit.Suite.Extended.DataGridViewExt", "Main\Krypton.Toolkit.Suite.Extended.DataGridViewExt\Krypton.Toolkit.Suite.Extended.DataGridViewExt.csproj", "{82490B7F-D0E2-42D0-803F-3DCD773CB8D6}"
EndProject
Project("{9A19103F-16F7-4668-BE54-9A1E7A4F7556}") = "Buttons", "Examples\Buttons\Buttons.csproj", "{4DF9BA8E-1AD4-49DF-BAD8-0EB1C7FC02D6}"
EndProject
Project("{9A19103F-16F7-4668-BE54-9A1E7A4F7556}") = "MessageBox", "Examples\MessageBox\MessageBox.csproj", "{45DCBB10-3B3F-47FB-8C96-D10F1FE5C60A}"
EndProject
Project("{9A19103F-16F7-4668-BE54-9A1E7A4F7556}") = "Krypton.Toolkit.Suite.Extended.Tree.Grid.View", "Main\Krypton.Toolkit.Suite.Extended.Tree.Grid.View\Krypton.Toolkit.Suite.Extended.Tree.Grid.View.csproj", "{239FD995-7B65-4EC8-AB87-D85810400E34}"
EndProject
Project("{9A19103F-16F7-4668-BE54-9A1E7A4F7556}") = "Krypton.Toolkit.Suite.Extended.ComboBoxExt", "Main\Krypton.Toolkit.Suite.Extended.ComboBoxExt\Krypton.Toolkit.Suite.Extended.ComboBoxExt.csproj", "{B72B4C28-D185-49FC-B51E-6D1CA2A8434B}"
EndProject
Project("{2150E333-8FDC-42A3-9474-1A3956D46DE8}") = "Z_Examples", "Z_Examples", "{25D5F0A6-A601-424B-9431-8EFE139A58A7}"
EndProject
Project("{9A19103F-16F7-4668-BE54-9A1E7A4F7556}") = "ComboBoxExtApp", "Examples\ComboBoxExtApp\ComboBoxExtApp.csproj", "{52125BA9-5B87-4C08-BCAA-10093832031C}"
EndProject
Project("{9A19103F-16F7-4668-BE54-9A1E7A4F7556}") = "Krypton.Toolkit.Suite.Extended.Effects", "Shared\Krypton.Toolkit.Suite.Extended.Effects\Krypton.Toolkit.Suite.Extended.Effects.csproj", "{62106BA1-C710-48FF-A9C2-A43E28FE8C4D}"
EndProject
Project("{9A19103F-16F7-4668-BE54-9A1E7A4F7556}") = "Effects", "Examples\Effects\Effects.csproj", "{B17FA051-F9C9-4971-AE90-4A346EA8B8AE}"
EndProject
Project("{9A19103F-16F7-4668-BE54-9A1E7A4F7556}") = "Krypton.Toolkit.Suite.Extended.UI", "Main\Krypton.Toolkit.Suite.Extended.UI\Krypton.Toolkit.Suite.Extended.UI.csproj", "{A4A20AC1-DC76-48AC-9E91-982581AF7D24}"
EndProject
Project("{2150E333-8FDC-42A3-9474-1A3956D46DE8}") = "Assets", "Assets", "{6B01F113-016E-445F-BE5E-80BA7144B928}"
	ProjectSection(SolutionItems) = preProject
		..\..\Assets\ToggleSwich.bmp = ..\..\Assets\ToggleSwich.bmp
	EndProjectSection
EndProject
Project("{2150E333-8FDC-42A3-9474-1A3956D46DE8}") = "Examples", "Examples", "{404EC0E7-92CB-4E90-80F7-440A4F5D772C}"
	ProjectSection(SolutionItems) = preProject
		..\..\Assets\Examples\CircularProgressBar.png = ..\..\Assets\Examples\CircularProgressBar.png
		..\..\Assets\Examples\CommandLinks.png = ..\..\Assets\Examples\CommandLinks.png
		..\..\Assets\Examples\ExtendedKryptonMessageBox1.png = ..\..\Assets\Examples\ExtendedKryptonMessageBox1.png
		..\..\Assets\Examples\ExtendedKryptonMessageBox2.png = ..\..\Assets\Examples\ExtendedKryptonMessageBox2.png
		..\..\Assets\Examples\FloatableToolStrip.png = ..\..\Assets\Examples\FloatableToolStrip.png
		..\..\Assets\Examples\FlotableMenuStrip.png = ..\..\Assets\Examples\FlotableMenuStrip.png
		..\..\Assets\Examples\KryptonColourMixer.png = ..\..\Assets\Examples\KryptonColourMixer.png
		..\..\Assets\Examples\KryptonColourWheel.png = ..\..\Assets\Examples\KryptonColourWheel.png
		..\..\Assets\Examples\KryptonInputBoxExtended.png = ..\..\Assets\Examples\KryptonInputBoxExtended.png
		..\..\Assets\Examples\KryptonKnobControl.png = ..\..\Assets\Examples\KryptonKnobControl.png
		..\..\Assets\Examples\KryptonPaletteColourShader.png = ..\..\Assets\Examples\KryptonPaletteColourShader.png
		..\..\Assets\Examples\KryptonPropertyGrid.png = ..\..\Assets\Examples\KryptonPropertyGrid.png
		..\..\Assets\Examples\KryptonScrollBars.png = ..\..\Assets\Examples\KryptonScrollBars.png
		..\..\Assets\Examples\KryptonThemeSelector.png = ..\..\Assets\Examples\KryptonThemeSelector.png
		..\..\Assets\Examples\KryptonToastNotificationV1.png = ..\..\Assets\Examples\KryptonToastNotificationV1.png
		..\..\Assets\Examples\KryptonToggleSwitch.png = ..\..\Assets\Examples\KryptonToggleSwitch.png
		..\..\Assets\Examples\KryptonViewBar.png = ..\..\Assets\Examples\KryptonViewBar.png
		..\..\Assets\Examples\TreeViews.png = ..\..\Assets\Examples\TreeViews.png
	EndProjectSection
EndProject
Project("{2150E333-8FDC-42A3-9474-1A3956D46DE8}") = "ICO", "ICO", "{734B2F67-D055-44B2-818A-FE569C479937}"
EndProject
Project("{2150E333-8FDC-42A3-9474-1A3956D46DE8}") = "JPEG", "JPEG", "{15346861-5444-49D7-9686-3835EE271259}"
EndProject
Project("{2150E333-8FDC-42A3-9474-1A3956D46DE8}") = "License", "License", "{5E13A5BB-407A-46A5-95A8-9DA57FB21C6C}"
	ProjectSection(SolutionItems) = preProject
		..\..\Assets\License\LICENSE.md = ..\..\Assets\License\LICENSE.md
	EndProjectSection
EndProject
Project("{2150E333-8FDC-42A3-9474-1A3956D46DE8}") = "Package Icon", "Package Icon", "{6EFEF411-B16C-4DEA-992F-9CA767EB1265}"
	ProjectSection(SolutionItems) = preProject
		..\..\Assets\Package Icon\Canary_Icon_128_x_128.png = ..\..\Assets\Package Icon\Canary_Icon_128_x_128.png
		..\..\Assets\Package Icon\Stable_Icon_128_x_128.png = ..\..\Assets\Package Icon\Stable_Icon_128_x_128.png
	EndProjectSection
EndProject
Project("{2150E333-8FDC-42A3-9474-1A3956D46DE8}") = "PNG", "PNG", "{F96630C5-2A89-44D5-BED6-99609A6D716A}"
EndProject
Project("{2150E333-8FDC-42A3-9474-1A3956D46DE8}") = "PSD", "PSD", "{247BBF4E-22B0-49CC-981B-0420AD7FF4E8}"
	ProjectSection(SolutionItems) = preProject
		..\..\Assets\PSD\Command Link Button.psd = ..\..\Assets\PSD\Command Link Button.psd
		..\..\Assets\PSD\Main Icon 512 x 512 Canary.psd = ..\..\Assets\PSD\Main Icon 512 x 512 Canary.psd
		..\..\Assets\PSD\Main Icon 512 x 512 Nightly.psd = ..\..\Assets\PSD\Main Icon 512 x 512 Nightly.psd
		..\..\Assets\PSD\PE Icon 512 x 512.psd = ..\..\Assets\PSD\PE Icon 512 x 512.psd
		..\..\Assets\PSD\Square Design 512 x 512 Orange.psd = ..\..\Assets\PSD\Square Design 512 x 512 Orange.psd
		..\..\Assets\PSD\ToggleSwich.psd = ..\..\Assets\PSD\ToggleSwich.psd
	EndProjectSection
EndProject
Project("{2150E333-8FDC-42A3-9474-1A3956D46DE8}") = "48 x 48", "48 x 48", "{071034AA-BFA3-4325-B763-E95A2E05EF4D}"
	ProjectSection(SolutionItems) = preProject
		..\..\Assets\ICO\48 x 48\KR 48 x 48 Orange.ico = ..\..\Assets\ICO\48 x 48\KR 48 x 48 Orange.ico
	EndProjectSection
EndProject
Project("{2150E333-8FDC-42A3-9474-1A3956D46DE8}") = "256 x 256", "256 x 256", "{378BEE59-0131-4497-80B8-69B3124325D7}"
	ProjectSection(SolutionItems) = preProject
		..\..\Assets\ICO\256 x 256\KR 256 x 256 Orange.ico = ..\..\Assets\ICO\256 x 256\KR 256 x 256 Orange.ico
		..\..\Assets\ICO\256 x 256\PE Icon 256 x 256.ico = ..\..\Assets\ICO\256 x 256\PE Icon 256 x 256.ico
	EndProjectSection
EndProject
Project("{2150E333-8FDC-42A3-9474-1A3956D46DE8}") = "48 x 48", "48 x 48", "{69F98672-EBB9-4B12-BD04-45AEF3C37FC6}"
	ProjectSection(SolutionItems) = preProject
		..\..\Assets\JPEG\48 x 48\Logo Stable.jpg = ..\..\Assets\JPEG\48 x 48\Logo Stable.jpg
	EndProjectSection
EndProject
Project("{2150E333-8FDC-42A3-9474-1A3956D46DE8}") = "Arrows", "Arrows", "{0451E883-C718-4679-962F-E2825B1513B2}"
	ProjectSection(SolutionItems) = preProject
		..\..\Assets\PSD\Arrows\Arrow-1.psd = ..\..\Assets\PSD\Arrows\Arrow-1.psd
		..\..\Assets\PSD\Arrows\Arrow-2.psd = ..\..\Assets\PSD\Arrows\Arrow-2.psd
		..\..\Assets\PSD\Arrows\Arrow-3.psd = ..\..\Assets\PSD\Arrows\Arrow-3.psd
		..\..\Assets\PSD\Arrows\Arrow-4.psd = ..\..\Assets\PSD\Arrows\Arrow-4.psd
		..\..\Assets\PSD\Arrows\Template.psd = ..\..\Assets\PSD\Arrows\Template.psd
	EndProjectSection
EndProject
Project("{9A19103F-16F7-4668-BE54-9A1E7A4F7556}") = "Controls", "Examples\Controls\Controls.csproj", "{5251D485-D77D-4E0E-97BD-8CD8EDA928E3}"
EndProject
Global
	GlobalSection(SolutionConfigurationPlatforms) = preSolution
		Debug|Any CPU = Debug|Any CPU
		Release|Any CPU = Release|Any CPU
	EndGlobalSection
	GlobalSection(ProjectConfigurationPlatforms) = postSolution
		{262E123E-4845-481F-945B-15014C8D4B33}.Debug|Any CPU.ActiveCfg = Debug|Any CPU
		{262E123E-4845-481F-945B-15014C8D4B33}.Debug|Any CPU.Build.0 = Debug|Any CPU
		{262E123E-4845-481F-945B-15014C8D4B33}.Release|Any CPU.ActiveCfg = Release|Any CPU
		{262E123E-4845-481F-945B-15014C8D4B33}.Release|Any CPU.Build.0 = Release|Any CPU
		{4691FCA7-70E4-471A-B716-81FA87293E2E}.Debug|Any CPU.ActiveCfg = Debug|Any CPU
		{4691FCA7-70E4-471A-B716-81FA87293E2E}.Debug|Any CPU.Build.0 = Debug|Any CPU
		{4691FCA7-70E4-471A-B716-81FA87293E2E}.Release|Any CPU.ActiveCfg = Release|Any CPU
		{4691FCA7-70E4-471A-B716-81FA87293E2E}.Release|Any CPU.Build.0 = Release|Any CPU
		{CF885412-B8C5-449B-A7AE-D9E81F405A5C}.Debug|Any CPU.ActiveCfg = Debug|Any CPU
		{CF885412-B8C5-449B-A7AE-D9E81F405A5C}.Debug|Any CPU.Build.0 = Debug|Any CPU
		{CF885412-B8C5-449B-A7AE-D9E81F405A5C}.Release|Any CPU.ActiveCfg = Release|Any CPU
		{CF885412-B8C5-449B-A7AE-D9E81F405A5C}.Release|Any CPU.Build.0 = Release|Any CPU
		{D826A960-6CE3-4E8F-8028-ADE82D7BE4C1}.Debug|Any CPU.ActiveCfg = Debug|Any CPU
		{D826A960-6CE3-4E8F-8028-ADE82D7BE4C1}.Debug|Any CPU.Build.0 = Debug|Any CPU
		{D826A960-6CE3-4E8F-8028-ADE82D7BE4C1}.Release|Any CPU.ActiveCfg = Release|Any CPU
		{D826A960-6CE3-4E8F-8028-ADE82D7BE4C1}.Release|Any CPU.Build.0 = Release|Any CPU
		{C3AF5854-C865-4620-B678-26CEB4A1596B}.Debug|Any CPU.ActiveCfg = Debug|Any CPU
		{C3AF5854-C865-4620-B678-26CEB4A1596B}.Debug|Any CPU.Build.0 = Debug|Any CPU
		{C3AF5854-C865-4620-B678-26CEB4A1596B}.Release|Any CPU.ActiveCfg = Release|Any CPU
		{C3AF5854-C865-4620-B678-26CEB4A1596B}.Release|Any CPU.Build.0 = Release|Any CPU
		{48714D9F-E9DF-4F09-B29A-1B77EF522252}.Debug|Any CPU.ActiveCfg = Debug|Any CPU
		{48714D9F-E9DF-4F09-B29A-1B77EF522252}.Debug|Any CPU.Build.0 = Debug|Any CPU
		{48714D9F-E9DF-4F09-B29A-1B77EF522252}.Release|Any CPU.ActiveCfg = Release|Any CPU
		{48714D9F-E9DF-4F09-B29A-1B77EF522252}.Release|Any CPU.Build.0 = Release|Any CPU
		{D388B564-8277-4D64-B25F-F68594FFCE21}.Debug|Any CPU.ActiveCfg = Debug|Any CPU
		{D388B564-8277-4D64-B25F-F68594FFCE21}.Debug|Any CPU.Build.0 = Debug|Any CPU
		{D388B564-8277-4D64-B25F-F68594FFCE21}.Release|Any CPU.ActiveCfg = Release|Any CPU
		{D388B564-8277-4D64-B25F-F68594FFCE21}.Release|Any CPU.Build.0 = Release|Any CPU
		{26802C83-BA7F-4D1A-B496-F54CBE6E5CBC}.Debug|Any CPU.ActiveCfg = Debug|Any CPU
		{26802C83-BA7F-4D1A-B496-F54CBE6E5CBC}.Debug|Any CPU.Build.0 = Debug|Any CPU
		{26802C83-BA7F-4D1A-B496-F54CBE6E5CBC}.Release|Any CPU.ActiveCfg = Release|Any CPU
		{26802C83-BA7F-4D1A-B496-F54CBE6E5CBC}.Release|Any CPU.Build.0 = Release|Any CPU
		{A2E6AB58-8DDC-4E0F-B69A-E355761D1148}.Debug|Any CPU.ActiveCfg = Debug|Any CPU
		{A2E6AB58-8DDC-4E0F-B69A-E355761D1148}.Debug|Any CPU.Build.0 = Debug|Any CPU
		{A2E6AB58-8DDC-4E0F-B69A-E355761D1148}.Release|Any CPU.ActiveCfg = Release|Any CPU
		{A2E6AB58-8DDC-4E0F-B69A-E355761D1148}.Release|Any CPU.Build.0 = Release|Any CPU
		{80813DE0-350B-4D3B-8D36-9518B2B6A17C}.Debug|Any CPU.ActiveCfg = Debug|Any CPU
		{80813DE0-350B-4D3B-8D36-9518B2B6A17C}.Debug|Any CPU.Build.0 = Debug|Any CPU
		{80813DE0-350B-4D3B-8D36-9518B2B6A17C}.Release|Any CPU.ActiveCfg = Release|Any CPU
		{80813DE0-350B-4D3B-8D36-9518B2B6A17C}.Release|Any CPU.Build.0 = Release|Any CPU
		{EBD380E1-55D3-4C3A-98C0-1B669ABF59BE}.Debug|Any CPU.ActiveCfg = Debug|Any CPU
		{EBD380E1-55D3-4C3A-98C0-1B669ABF59BE}.Debug|Any CPU.Build.0 = Debug|Any CPU
		{EBD380E1-55D3-4C3A-98C0-1B669ABF59BE}.Release|Any CPU.ActiveCfg = Release|Any CPU
		{EBD380E1-55D3-4C3A-98C0-1B669ABF59BE}.Release|Any CPU.Build.0 = Release|Any CPU
		{B45A35ED-07C6-4CDA-A75B-56EBFF601232}.Debug|Any CPU.ActiveCfg = Debug|Any CPU
		{B45A35ED-07C6-4CDA-A75B-56EBFF601232}.Debug|Any CPU.Build.0 = Debug|Any CPU
		{B45A35ED-07C6-4CDA-A75B-56EBFF601232}.Release|Any CPU.ActiveCfg = Release|Any CPU
		{B45A35ED-07C6-4CDA-A75B-56EBFF601232}.Release|Any CPU.Build.0 = Release|Any CPU
		{83B92DB2-6318-4F7D-B169-9874637FF17F}.Debug|Any CPU.ActiveCfg = Debug|Any CPU
		{83B92DB2-6318-4F7D-B169-9874637FF17F}.Debug|Any CPU.Build.0 = Debug|Any CPU
		{83B92DB2-6318-4F7D-B169-9874637FF17F}.Release|Any CPU.ActiveCfg = Release|Any CPU
		{83B92DB2-6318-4F7D-B169-9874637FF17F}.Release|Any CPU.Build.0 = Release|Any CPU
		{B6FB3BE1-3E55-459C-BB8E-83E21D41C9E6}.Debug|Any CPU.ActiveCfg = Debug|Any CPU
		{B6FB3BE1-3E55-459C-BB8E-83E21D41C9E6}.Debug|Any CPU.Build.0 = Debug|Any CPU
		{B6FB3BE1-3E55-459C-BB8E-83E21D41C9E6}.Release|Any CPU.ActiveCfg = Release|Any CPU
		{B6FB3BE1-3E55-459C-BB8E-83E21D41C9E6}.Release|Any CPU.Build.0 = Release|Any CPU
		{8AE413C9-1F7D-4F91-BD16-760FB3789F93}.Debug|Any CPU.ActiveCfg = Debug|Any CPU
		{8AE413C9-1F7D-4F91-BD16-760FB3789F93}.Debug|Any CPU.Build.0 = Debug|Any CPU
		{8AE413C9-1F7D-4F91-BD16-760FB3789F93}.Release|Any CPU.ActiveCfg = Release|Any CPU
		{8AE413C9-1F7D-4F91-BD16-760FB3789F93}.Release|Any CPU.Build.0 = Release|Any CPU
		{9FAC6BA5-4729-4917-8CD6-A3C03F29CC21}.Debug|Any CPU.ActiveCfg = Debug|Any CPU
		{9FAC6BA5-4729-4917-8CD6-A3C03F29CC21}.Debug|Any CPU.Build.0 = Debug|Any CPU
		{9FAC6BA5-4729-4917-8CD6-A3C03F29CC21}.Release|Any CPU.ActiveCfg = Release|Any CPU
		{9FAC6BA5-4729-4917-8CD6-A3C03F29CC21}.Release|Any CPU.Build.0 = Release|Any CPU
		{951D4C2F-69F2-4176-9502-CDA760D5233F}.Debug|Any CPU.ActiveCfg = Debug|Any CPU
		{951D4C2F-69F2-4176-9502-CDA760D5233F}.Debug|Any CPU.Build.0 = Debug|Any CPU
		{951D4C2F-69F2-4176-9502-CDA760D5233F}.Release|Any CPU.ActiveCfg = Release|Any CPU
		{951D4C2F-69F2-4176-9502-CDA760D5233F}.Release|Any CPU.Build.0 = Release|Any CPU
		{A36AE7CE-8AF8-4711-8A8A-4FCDD14DE209}.Debug|Any CPU.ActiveCfg = Debug|Any CPU
		{A36AE7CE-8AF8-4711-8A8A-4FCDD14DE209}.Debug|Any CPU.Build.0 = Debug|Any CPU
		{A36AE7CE-8AF8-4711-8A8A-4FCDD14DE209}.Release|Any CPU.ActiveCfg = Release|Any CPU
		{A36AE7CE-8AF8-4711-8A8A-4FCDD14DE209}.Release|Any CPU.Build.0 = Release|Any CPU
		{29A9E4C0-5292-4AD6-9915-54035A935BE0}.Debug|Any CPU.ActiveCfg = Debug|Any CPU
		{29A9E4C0-5292-4AD6-9915-54035A935BE0}.Debug|Any CPU.Build.0 = Debug|Any CPU
		{29A9E4C0-5292-4AD6-9915-54035A935BE0}.Release|Any CPU.ActiveCfg = Release|Any CPU
		{29A9E4C0-5292-4AD6-9915-54035A935BE0}.Release|Any CPU.Build.0 = Release|Any CPU
		{FA183878-9C2A-4401-A091-A178834C7BFB}.Debug|Any CPU.ActiveCfg = Debug|Any CPU
		{FA183878-9C2A-4401-A091-A178834C7BFB}.Debug|Any CPU.Build.0 = Debug|Any CPU
		{FA183878-9C2A-4401-A091-A178834C7BFB}.Release|Any CPU.ActiveCfg = Release|Any CPU
		{FA183878-9C2A-4401-A091-A178834C7BFB}.Release|Any CPU.Build.0 = Release|Any CPU
		{DFED7888-9B28-4879-A209-105C3D09CD66}.Debug|Any CPU.ActiveCfg = Debug|Any CPU
		{DFED7888-9B28-4879-A209-105C3D09CD66}.Debug|Any CPU.Build.0 = Debug|Any CPU
		{DFED7888-9B28-4879-A209-105C3D09CD66}.Release|Any CPU.ActiveCfg = Release|Any CPU
		{DFED7888-9B28-4879-A209-105C3D09CD66}.Release|Any CPU.Build.0 = Release|Any CPU
		{2D272581-227C-4078-8EB0-2867C6BFD4AE}.Debug|Any CPU.ActiveCfg = Debug|Any CPU
		{2D272581-227C-4078-8EB0-2867C6BFD4AE}.Debug|Any CPU.Build.0 = Debug|Any CPU
		{2D272581-227C-4078-8EB0-2867C6BFD4AE}.Release|Any CPU.ActiveCfg = Release|Any CPU
		{2D272581-227C-4078-8EB0-2867C6BFD4AE}.Release|Any CPU.Build.0 = Release|Any CPU
		{CAAD2D30-E698-4D35-86C0-BDF5C53E3687}.Debug|Any CPU.ActiveCfg = Debug|Any CPU
		{CAAD2D30-E698-4D35-86C0-BDF5C53E3687}.Debug|Any CPU.Build.0 = Debug|Any CPU
		{CAAD2D30-E698-4D35-86C0-BDF5C53E3687}.Release|Any CPU.ActiveCfg = Release|Any CPU
		{CAAD2D30-E698-4D35-86C0-BDF5C53E3687}.Release|Any CPU.Build.0 = Release|Any CPU
		{C7B5B207-F14D-433D-BA08-41964C9E3FF3}.Debug|Any CPU.ActiveCfg = Debug|Any CPU
		{C7B5B207-F14D-433D-BA08-41964C9E3FF3}.Debug|Any CPU.Build.0 = Debug|Any CPU
		{C7B5B207-F14D-433D-BA08-41964C9E3FF3}.Release|Any CPU.ActiveCfg = Release|Any CPU
		{C7B5B207-F14D-433D-BA08-41964C9E3FF3}.Release|Any CPU.Build.0 = Release|Any CPU
		{DEFEFE2A-0C78-4A6D-859A-3B4B86207268}.Debug|Any CPU.ActiveCfg = Debug|Any CPU
		{DEFEFE2A-0C78-4A6D-859A-3B4B86207268}.Debug|Any CPU.Build.0 = Debug|Any CPU
		{DEFEFE2A-0C78-4A6D-859A-3B4B86207268}.Release|Any CPU.ActiveCfg = Release|Any CPU
		{DEFEFE2A-0C78-4A6D-859A-3B4B86207268}.Release|Any CPU.Build.0 = Release|Any CPU
		{C673865F-569D-44CE-8002-37B04EE2DEB5}.Debug|Any CPU.ActiveCfg = Debug|Any CPU
		{C673865F-569D-44CE-8002-37B04EE2DEB5}.Debug|Any CPU.Build.0 = Debug|Any CPU
		{C673865F-569D-44CE-8002-37B04EE2DEB5}.Release|Any CPU.ActiveCfg = Release|Any CPU
		{C673865F-569D-44CE-8002-37B04EE2DEB5}.Release|Any CPU.Build.0 = Release|Any CPU
		{D2A6CAA8-B30A-4F77-9ADD-0D791411D3DD}.Debug|Any CPU.ActiveCfg = Debug|Any CPU
		{D2A6CAA8-B30A-4F77-9ADD-0D791411D3DD}.Debug|Any CPU.Build.0 = Debug|Any CPU
		{D2A6CAA8-B30A-4F77-9ADD-0D791411D3DD}.Release|Any CPU.ActiveCfg = Release|Any CPU
		{D2A6CAA8-B30A-4F77-9ADD-0D791411D3DD}.Release|Any CPU.Build.0 = Release|Any CPU
		{4C17F4D3-E158-41F2-BA60-CDF14DE4423A}.Debug|Any CPU.ActiveCfg = Debug|Any CPU
		{4C17F4D3-E158-41F2-BA60-CDF14DE4423A}.Debug|Any CPU.Build.0 = Debug|Any CPU
		{4C17F4D3-E158-41F2-BA60-CDF14DE4423A}.Release|Any CPU.ActiveCfg = Release|Any CPU
		{4C17F4D3-E158-41F2-BA60-CDF14DE4423A}.Release|Any CPU.Build.0 = Release|Any CPU
		{8C2326B4-ABAD-40DD-8D87-DC8B3B546699}.Debug|Any CPU.ActiveCfg = Debug|Any CPU
		{8C2326B4-ABAD-40DD-8D87-DC8B3B546699}.Debug|Any CPU.Build.0 = Debug|Any CPU
		{8C2326B4-ABAD-40DD-8D87-DC8B3B546699}.Release|Any CPU.ActiveCfg = Release|Any CPU
		{8C2326B4-ABAD-40DD-8D87-DC8B3B546699}.Release|Any CPU.Build.0 = Release|Any CPU
		{472D078C-CA68-42C4-B59F-E94F63D489DA}.Debug|Any CPU.ActiveCfg = Debug|Any CPU
		{472D078C-CA68-42C4-B59F-E94F63D489DA}.Debug|Any CPU.Build.0 = Debug|Any CPU
		{472D078C-CA68-42C4-B59F-E94F63D489DA}.Release|Any CPU.ActiveCfg = Release|Any CPU
		{472D078C-CA68-42C4-B59F-E94F63D489DA}.Release|Any CPU.Build.0 = Release|Any CPU
		{31A508E4-D3F7-4F55-A0C5-1F0ED4E69BFC}.Debug|Any CPU.ActiveCfg = Debug|Any CPU
		{31A508E4-D3F7-4F55-A0C5-1F0ED4E69BFC}.Debug|Any CPU.Build.0 = Debug|Any CPU
		{31A508E4-D3F7-4F55-A0C5-1F0ED4E69BFC}.Release|Any CPU.ActiveCfg = Release|Any CPU
		{31A508E4-D3F7-4F55-A0C5-1F0ED4E69BFC}.Release|Any CPU.Build.0 = Release|Any CPU
		{0851A3F7-8FB9-4E57-965E-76B835587639}.Debug|Any CPU.ActiveCfg = Debug|Any CPU
		{0851A3F7-8FB9-4E57-965E-76B835587639}.Debug|Any CPU.Build.0 = Debug|Any CPU
		{0851A3F7-8FB9-4E57-965E-76B835587639}.Release|Any CPU.ActiveCfg = Release|Any CPU
		{0851A3F7-8FB9-4E57-965E-76B835587639}.Release|Any CPU.Build.0 = Release|Any CPU
		{7BA75AAC-7D3E-4ED3-9562-8176380BC49C}.Debug|Any CPU.ActiveCfg = Debug|Any CPU
		{7BA75AAC-7D3E-4ED3-9562-8176380BC49C}.Debug|Any CPU.Build.0 = Debug|Any CPU
		{7BA75AAC-7D3E-4ED3-9562-8176380BC49C}.Release|Any CPU.ActiveCfg = Release|Any CPU
		{7BA75AAC-7D3E-4ED3-9562-8176380BC49C}.Release|Any CPU.Build.0 = Release|Any CPU
		{66DD6657-39B3-4ACF-9EE9-B60EF96A2262}.Debug|Any CPU.ActiveCfg = Debug|Any CPU
		{66DD6657-39B3-4ACF-9EE9-B60EF96A2262}.Debug|Any CPU.Build.0 = Debug|Any CPU
		{66DD6657-39B3-4ACF-9EE9-B60EF96A2262}.Release|Any CPU.ActiveCfg = Release|Any CPU
		{66DD6657-39B3-4ACF-9EE9-B60EF96A2262}.Release|Any CPU.Build.0 = Release|Any CPU
		{7A5B99D8-8925-4831-9704-2A211C0F470A}.Debug|Any CPU.ActiveCfg = Debug|Any CPU
		{7A5B99D8-8925-4831-9704-2A211C0F470A}.Debug|Any CPU.Build.0 = Debug|Any CPU
		{7A5B99D8-8925-4831-9704-2A211C0F470A}.Release|Any CPU.ActiveCfg = Release|Any CPU
		{7A5B99D8-8925-4831-9704-2A211C0F470A}.Release|Any CPU.Build.0 = Release|Any CPU
		{4C65A943-E114-4535-9C84-1D5CE0612FE0}.Debug|Any CPU.ActiveCfg = Debug|Any CPU
		{4C65A943-E114-4535-9C84-1D5CE0612FE0}.Debug|Any CPU.Build.0 = Debug|Any CPU
		{4C65A943-E114-4535-9C84-1D5CE0612FE0}.Release|Any CPU.ActiveCfg = Release|Any CPU
		{4C65A943-E114-4535-9C84-1D5CE0612FE0}.Release|Any CPU.Build.0 = Release|Any CPU
		{838FCD3C-9306-427D-9A99-9E68CEFA584C}.Debug|Any CPU.ActiveCfg = Debug|Any CPU
		{838FCD3C-9306-427D-9A99-9E68CEFA584C}.Debug|Any CPU.Build.0 = Debug|Any CPU
		{838FCD3C-9306-427D-9A99-9E68CEFA584C}.Release|Any CPU.ActiveCfg = Release|Any CPU
		{838FCD3C-9306-427D-9A99-9E68CEFA584C}.Release|Any CPU.Build.0 = Release|Any CPU
		{572B0D12-A04B-4EB9-B5FB-87F66FF91078}.Debug|Any CPU.ActiveCfg = Debug|Any CPU
		{572B0D12-A04B-4EB9-B5FB-87F66FF91078}.Debug|Any CPU.Build.0 = Debug|Any CPU
		{572B0D12-A04B-4EB9-B5FB-87F66FF91078}.Release|Any CPU.ActiveCfg = Release|Any CPU
		{572B0D12-A04B-4EB9-B5FB-87F66FF91078}.Release|Any CPU.Build.0 = Release|Any CPU
		{02E3E01C-A4F8-46CD-B157-17E5540C5BFF}.Debug|Any CPU.ActiveCfg = Debug|Any CPU
		{02E3E01C-A4F8-46CD-B157-17E5540C5BFF}.Debug|Any CPU.Build.0 = Debug|Any CPU
		{02E3E01C-A4F8-46CD-B157-17E5540C5BFF}.Release|Any CPU.ActiveCfg = Release|Any CPU
		{02E3E01C-A4F8-46CD-B157-17E5540C5BFF}.Release|Any CPU.Build.0 = Release|Any CPU
		{FDD335B3-3293-4E93-B81F-54F84DC6276A}.Debug|Any CPU.ActiveCfg = Debug|Any CPU
		{FDD335B3-3293-4E93-B81F-54F84DC6276A}.Debug|Any CPU.Build.0 = Debug|Any CPU
		{FDD335B3-3293-4E93-B81F-54F84DC6276A}.Release|Any CPU.ActiveCfg = Release|Any CPU
		{FDD335B3-3293-4E93-B81F-54F84DC6276A}.Release|Any CPU.Build.0 = Release|Any CPU
		{1F967ACE-79F7-4C71-9032-3E5705D13C9F}.Debug|Any CPU.ActiveCfg = Debug|Any CPU
		{1F967ACE-79F7-4C71-9032-3E5705D13C9F}.Debug|Any CPU.Build.0 = Debug|Any CPU
		{1F967ACE-79F7-4C71-9032-3E5705D13C9F}.Release|Any CPU.ActiveCfg = Release|Any CPU
		{1F967ACE-79F7-4C71-9032-3E5705D13C9F}.Release|Any CPU.Build.0 = Release|Any CPU
		{008DC5A2-8B95-48C4-A7CF-2B2BE0AE5946}.Debug|Any CPU.ActiveCfg = Debug|Any CPU
		{008DC5A2-8B95-48C4-A7CF-2B2BE0AE5946}.Debug|Any CPU.Build.0 = Debug|Any CPU
		{008DC5A2-8B95-48C4-A7CF-2B2BE0AE5946}.Release|Any CPU.ActiveCfg = Release|Any CPU
		{008DC5A2-8B95-48C4-A7CF-2B2BE0AE5946}.Release|Any CPU.Build.0 = Release|Any CPU
		{947C2245-2CAB-4A72-8BFA-A2145576B25F}.Debug|Any CPU.ActiveCfg = Debug|Any CPU
		{947C2245-2CAB-4A72-8BFA-A2145576B25F}.Debug|Any CPU.Build.0 = Debug|Any CPU
		{947C2245-2CAB-4A72-8BFA-A2145576B25F}.Release|Any CPU.ActiveCfg = Release|Any CPU
		{947C2245-2CAB-4A72-8BFA-A2145576B25F}.Release|Any CPU.Build.0 = Release|Any CPU
		{755941EF-B990-4475-9C13-C20837FF037D}.Debug|Any CPU.ActiveCfg = Debug|Any CPU
		{755941EF-B990-4475-9C13-C20837FF037D}.Debug|Any CPU.Build.0 = Debug|Any CPU
		{755941EF-B990-4475-9C13-C20837FF037D}.Release|Any CPU.ActiveCfg = Release|Any CPU
		{755941EF-B990-4475-9C13-C20837FF037D}.Release|Any CPU.Build.0 = Release|Any CPU
		{82490B7F-D0E2-42D0-803F-3DCD773CB8D6}.Debug|Any CPU.ActiveCfg = Debug|Any CPU
		{82490B7F-D0E2-42D0-803F-3DCD773CB8D6}.Debug|Any CPU.Build.0 = Debug|Any CPU
		{82490B7F-D0E2-42D0-803F-3DCD773CB8D6}.Release|Any CPU.ActiveCfg = Release|Any CPU
		{82490B7F-D0E2-42D0-803F-3DCD773CB8D6}.Release|Any CPU.Build.0 = Release|Any CPU
		{4DF9BA8E-1AD4-49DF-BAD8-0EB1C7FC02D6}.Debug|Any CPU.ActiveCfg = Debug|Any CPU
		{4DF9BA8E-1AD4-49DF-BAD8-0EB1C7FC02D6}.Debug|Any CPU.Build.0 = Debug|Any CPU
		{4DF9BA8E-1AD4-49DF-BAD8-0EB1C7FC02D6}.Release|Any CPU.ActiveCfg = Release|Any CPU
		{4DF9BA8E-1AD4-49DF-BAD8-0EB1C7FC02D6}.Release|Any CPU.Build.0 = Release|Any CPU
		{45DCBB10-3B3F-47FB-8C96-D10F1FE5C60A}.Debug|Any CPU.ActiveCfg = Debug|Any CPU
		{45DCBB10-3B3F-47FB-8C96-D10F1FE5C60A}.Debug|Any CPU.Build.0 = Debug|Any CPU
		{45DCBB10-3B3F-47FB-8C96-D10F1FE5C60A}.Release|Any CPU.ActiveCfg = Release|Any CPU
		{45DCBB10-3B3F-47FB-8C96-D10F1FE5C60A}.Release|Any CPU.Build.0 = Release|Any CPU
		{239FD995-7B65-4EC8-AB87-D85810400E34}.Debug|Any CPU.ActiveCfg = Debug|Any CPU
		{239FD995-7B65-4EC8-AB87-D85810400E34}.Debug|Any CPU.Build.0 = Debug|Any CPU
		{239FD995-7B65-4EC8-AB87-D85810400E34}.Release|Any CPU.ActiveCfg = Release|Any CPU
		{239FD995-7B65-4EC8-AB87-D85810400E34}.Release|Any CPU.Build.0 = Release|Any CPU
		{B72B4C28-D185-49FC-B51E-6D1CA2A8434B}.Debug|Any CPU.ActiveCfg = Debug|Any CPU
		{B72B4C28-D185-49FC-B51E-6D1CA2A8434B}.Debug|Any CPU.Build.0 = Debug|Any CPU
		{B72B4C28-D185-49FC-B51E-6D1CA2A8434B}.Release|Any CPU.ActiveCfg = Release|Any CPU
		{B72B4C28-D185-49FC-B51E-6D1CA2A8434B}.Release|Any CPU.Build.0 = Release|Any CPU
		{52125BA9-5B87-4C08-BCAA-10093832031C}.Debug|Any CPU.ActiveCfg = Debug|Any CPU
		{52125BA9-5B87-4C08-BCAA-10093832031C}.Debug|Any CPU.Build.0 = Debug|Any CPU
		{52125BA9-5B87-4C08-BCAA-10093832031C}.Release|Any CPU.ActiveCfg = Release|Any CPU
		{52125BA9-5B87-4C08-BCAA-10093832031C}.Release|Any CPU.Build.0 = Release|Any CPU
		{62106BA1-C710-48FF-A9C2-A43E28FE8C4D}.Debug|Any CPU.ActiveCfg = Debug|Any CPU
		{62106BA1-C710-48FF-A9C2-A43E28FE8C4D}.Debug|Any CPU.Build.0 = Debug|Any CPU
		{62106BA1-C710-48FF-A9C2-A43E28FE8C4D}.Release|Any CPU.ActiveCfg = Release|Any CPU
		{62106BA1-C710-48FF-A9C2-A43E28FE8C4D}.Release|Any CPU.Build.0 = Release|Any CPU
		{B17FA051-F9C9-4971-AE90-4A346EA8B8AE}.Debug|Any CPU.ActiveCfg = Debug|Any CPU
		{B17FA051-F9C9-4971-AE90-4A346EA8B8AE}.Debug|Any CPU.Build.0 = Debug|Any CPU
		{B17FA051-F9C9-4971-AE90-4A346EA8B8AE}.Release|Any CPU.ActiveCfg = Release|Any CPU
		{B17FA051-F9C9-4971-AE90-4A346EA8B8AE}.Release|Any CPU.Build.0 = Release|Any CPU
		{A4A20AC1-DC76-48AC-9E91-982581AF7D24}.Debug|Any CPU.ActiveCfg = Debug|Any CPU
		{A4A20AC1-DC76-48AC-9E91-982581AF7D24}.Debug|Any CPU.Build.0 = Debug|Any CPU
		{A4A20AC1-DC76-48AC-9E91-982581AF7D24}.Release|Any CPU.ActiveCfg = Release|Any CPU
		{A4A20AC1-DC76-48AC-9E91-982581AF7D24}.Release|Any CPU.Build.0 = Release|Any CPU
		{5251D485-D77D-4E0E-97BD-8CD8EDA928E3}.Debug|Any CPU.ActiveCfg = Debug|Any CPU
		{5251D485-D77D-4E0E-97BD-8CD8EDA928E3}.Debug|Any CPU.Build.0 = Debug|Any CPU
		{5251D485-D77D-4E0E-97BD-8CD8EDA928E3}.Release|Any CPU.ActiveCfg = Release|Any CPU
		{5251D485-D77D-4E0E-97BD-8CD8EDA928E3}.Release|Any CPU.Build.0 = Release|Any CPU
	EndGlobalSection
	GlobalSection(SolutionProperties) = preSolution
		HideSolutionNode = FALSE
	EndGlobalSection
	GlobalSection(NestedProjects) = preSolution
		{262E123E-4845-481F-945B-15014C8D4B33} = {E311F8C7-1F27-48CD-86BE-CC3D798163BE}
		{4691FCA7-70E4-471A-B716-81FA87293E2E} = {E311F8C7-1F27-48CD-86BE-CC3D798163BE}
		{87BE2145-50BE-4A57-9C79-FCE5A64F6065} = {5D85B551-9AFC-4E96-93C3-D8D81B69971F}
		{A7A69BC2-7682-43FB-8E7C-C42FDAA2A215} = {5D85B551-9AFC-4E96-93C3-D8D81B69971F}
		{CF885412-B8C5-449B-A7AE-D9E81F405A5C} = {252CCB85-EC69-4B0F-9ACB-4C37AE3F54B5}
		{D826A960-6CE3-4E8F-8028-ADE82D7BE4C1} = {252CCB85-EC69-4B0F-9ACB-4C37AE3F54B5}
		{C3AF5854-C865-4620-B678-26CEB4A1596B} = {252CCB85-EC69-4B0F-9ACB-4C37AE3F54B5}
		{48714D9F-E9DF-4F09-B29A-1B77EF522252} = {252CCB85-EC69-4B0F-9ACB-4C37AE3F54B5}
		{D388B564-8277-4D64-B25F-F68594FFCE21} = {252CCB85-EC69-4B0F-9ACB-4C37AE3F54B5}
		{26802C83-BA7F-4D1A-B496-F54CBE6E5CBC} = {252CCB85-EC69-4B0F-9ACB-4C37AE3F54B5}
		{A2E6AB58-8DDC-4E0F-B69A-E355761D1148} = {252CCB85-EC69-4B0F-9ACB-4C37AE3F54B5}
		{80813DE0-350B-4D3B-8D36-9518B2B6A17C} = {252CCB85-EC69-4B0F-9ACB-4C37AE3F54B5}
		{EBD380E1-55D3-4C3A-98C0-1B669ABF59BE} = {252CCB85-EC69-4B0F-9ACB-4C37AE3F54B5}
		{B45A35ED-07C6-4CDA-A75B-56EBFF601232} = {252CCB85-EC69-4B0F-9ACB-4C37AE3F54B5}
		{83B92DB2-6318-4F7D-B169-9874637FF17F} = {252CCB85-EC69-4B0F-9ACB-4C37AE3F54B5}
		{B6FB3BE1-3E55-459C-BB8E-83E21D41C9E6} = {252CCB85-EC69-4B0F-9ACB-4C37AE3F54B5}
		{8AE413C9-1F7D-4F91-BD16-760FB3789F93} = {252CCB85-EC69-4B0F-9ACB-4C37AE3F54B5}
		{9FAC6BA5-4729-4917-8CD6-A3C03F29CC21} = {252CCB85-EC69-4B0F-9ACB-4C37AE3F54B5}
		{951D4C2F-69F2-4176-9502-CDA760D5233F} = {252CCB85-EC69-4B0F-9ACB-4C37AE3F54B5}
		{A36AE7CE-8AF8-4711-8A8A-4FCDD14DE209} = {252CCB85-EC69-4B0F-9ACB-4C37AE3F54B5}
		{29A9E4C0-5292-4AD6-9915-54035A935BE0} = {252CCB85-EC69-4B0F-9ACB-4C37AE3F54B5}
		{FA183878-9C2A-4401-A091-A178834C7BFB} = {252CCB85-EC69-4B0F-9ACB-4C37AE3F54B5}
		{DFED7888-9B28-4879-A209-105C3D09CD66} = {252CCB85-EC69-4B0F-9ACB-4C37AE3F54B5}
		{2D272581-227C-4078-8EB0-2867C6BFD4AE} = {252CCB85-EC69-4B0F-9ACB-4C37AE3F54B5}
		{CAAD2D30-E698-4D35-86C0-BDF5C53E3687} = {252CCB85-EC69-4B0F-9ACB-4C37AE3F54B5}
		{C7B5B207-F14D-433D-BA08-41964C9E3FF3} = {252CCB85-EC69-4B0F-9ACB-4C37AE3F54B5}
		{DEFEFE2A-0C78-4A6D-859A-3B4B86207268} = {252CCB85-EC69-4B0F-9ACB-4C37AE3F54B5}
		{C673865F-569D-44CE-8002-37B04EE2DEB5} = {252CCB85-EC69-4B0F-9ACB-4C37AE3F54B5}
		{D2A6CAA8-B30A-4F77-9ADD-0D791411D3DD} = {726DC0AA-2B0D-4EAC-BB7A-7C49AE13A390}
		{4C17F4D3-E158-41F2-BA60-CDF14DE4423A} = {726DC0AA-2B0D-4EAC-BB7A-7C49AE13A390}
		{8C2326B4-ABAD-40DD-8D87-DC8B3B546699} = {726DC0AA-2B0D-4EAC-BB7A-7C49AE13A390}
		{472D078C-CA68-42C4-B59F-E94F63D489DA} = {726DC0AA-2B0D-4EAC-BB7A-7C49AE13A390}
		{31A508E4-D3F7-4F55-A0C5-1F0ED4E69BFC} = {726DC0AA-2B0D-4EAC-BB7A-7C49AE13A390}
		{0851A3F7-8FB9-4E57-965E-76B835587639} = {726DC0AA-2B0D-4EAC-BB7A-7C49AE13A390}
		{7BA75AAC-7D3E-4ED3-9562-8176380BC49C} = {726DC0AA-2B0D-4EAC-BB7A-7C49AE13A390}
		{66DD6657-39B3-4ACF-9EE9-B60EF96A2262} = {E311F8C7-1F27-48CD-86BE-CC3D798163BE}
		{7A5B99D8-8925-4831-9704-2A211C0F470A} = {E311F8C7-1F27-48CD-86BE-CC3D798163BE}
		{4C65A943-E114-4535-9C84-1D5CE0612FE0} = {E311F8C7-1F27-48CD-86BE-CC3D798163BE}
		{838FCD3C-9306-427D-9A99-9E68CEFA584C} = {252CCB85-EC69-4B0F-9ACB-4C37AE3F54B5}
		{572B0D12-A04B-4EB9-B5FB-87F66FF91078} = {252CCB85-EC69-4B0F-9ACB-4C37AE3F54B5}
		{02E3E01C-A4F8-46CD-B157-17E5540C5BFF} = {252CCB85-EC69-4B0F-9ACB-4C37AE3F54B5}
		{FDD335B3-3293-4E93-B81F-54F84DC6276A} = {252CCB85-EC69-4B0F-9ACB-4C37AE3F54B5}
		{1F967ACE-79F7-4C71-9032-3E5705D13C9F} = {252CCB85-EC69-4B0F-9ACB-4C37AE3F54B5}
		{D3F14B97-D6F3-47F8-85CB-E9A7903D372D} = {E311F8C7-1F27-48CD-86BE-CC3D798163BE}
		{008DC5A2-8B95-48C4-A7CF-2B2BE0AE5946} = {D3F14B97-D6F3-47F8-85CB-E9A7903D372D}
		{947C2245-2CAB-4A72-8BFA-A2145576B25F} = {D3F14B97-D6F3-47F8-85CB-E9A7903D372D}
		{755941EF-B990-4475-9C13-C20837FF037D} = {25D5F0A6-A601-424B-9431-8EFE139A58A7}
		{82490B7F-D0E2-42D0-803F-3DCD773CB8D6} = {252CCB85-EC69-4B0F-9ACB-4C37AE3F54B5}
		{4DF9BA8E-1AD4-49DF-BAD8-0EB1C7FC02D6} = {25D5F0A6-A601-424B-9431-8EFE139A58A7}
		{45DCBB10-3B3F-47FB-8C96-D10F1FE5C60A} = {25D5F0A6-A601-424B-9431-8EFE139A58A7}
		{239FD995-7B65-4EC8-AB87-D85810400E34} = {252CCB85-EC69-4B0F-9ACB-4C37AE3F54B5}
		{B72B4C28-D185-49FC-B51E-6D1CA2A8434B} = {252CCB85-EC69-4B0F-9ACB-4C37AE3F54B5}
		{52125BA9-5B87-4C08-BCAA-10093832031C} = {25D5F0A6-A601-424B-9431-8EFE139A58A7}
		{62106BA1-C710-48FF-A9C2-A43E28FE8C4D} = {726DC0AA-2B0D-4EAC-BB7A-7C49AE13A390}
		{B17FA051-F9C9-4971-AE90-4A346EA8B8AE} = {25D5F0A6-A601-424B-9431-8EFE139A58A7}
		{A4A20AC1-DC76-48AC-9E91-982581AF7D24} = {252CCB85-EC69-4B0F-9ACB-4C37AE3F54B5}
		{6B01F113-016E-445F-BE5E-80BA7144B928} = {5D85B551-9AFC-4E96-93C3-D8D81B69971F}
		{404EC0E7-92CB-4E90-80F7-440A4F5D772C} = {6B01F113-016E-445F-BE5E-80BA7144B928}
		{734B2F67-D055-44B2-818A-FE569C479937} = {6B01F113-016E-445F-BE5E-80BA7144B928}
		{15346861-5444-49D7-9686-3835EE271259} = {6B01F113-016E-445F-BE5E-80BA7144B928}
		{5E13A5BB-407A-46A5-95A8-9DA57FB21C6C} = {6B01F113-016E-445F-BE5E-80BA7144B928}
		{6EFEF411-B16C-4DEA-992F-9CA767EB1265} = {6B01F113-016E-445F-BE5E-80BA7144B928}
		{F96630C5-2A89-44D5-BED6-99609A6D716A} = {6B01F113-016E-445F-BE5E-80BA7144B928}
		{247BBF4E-22B0-49CC-981B-0420AD7FF4E8} = {6B01F113-016E-445F-BE5E-80BA7144B928}
		{071034AA-BFA3-4325-B763-E95A2E05EF4D} = {734B2F67-D055-44B2-818A-FE569C479937}
		{378BEE59-0131-4497-80B8-69B3124325D7} = {734B2F67-D055-44B2-818A-FE569C479937}
		{69F98672-EBB9-4B12-BD04-45AEF3C37FC6} = {15346861-5444-49D7-9686-3835EE271259}
		{0451E883-C718-4679-962F-E2825B1513B2} = {247BBF4E-22B0-49CC-981B-0420AD7FF4E8}
		{5251D485-D77D-4E0E-97BD-8CD8EDA928E3} = {25D5F0A6-A601-424B-9431-8EFE139A58A7}
	EndGlobalSection
	GlobalSection(ExtensibilityGlobals) = postSolution
		SolutionGuid = {A7CE7732-0982-4703-8EFD-7715D569BAB5}
	EndGlobalSection
EndGlobal
